{
  "name": "create-token-mint",
  "version": "1.0.0",
  "lockfileVersion": 3,
  "requires": true,
  "packages": {
    "": {
      "name": "create-token-mint",
      "version": "1.0.0",
      "license": "ISC",
      "dependencies": {
        "@solana-program/system": "^0.10.0",
        "@solana-program/token-2022": "^0.6.1",
        "@solana/kit": "^5.5.1"
      },
      "devDependencies": {
        "tsx": "^4.21.0"
      }
    },
    "node_modules/@esbuild/aix-ppc64": {
      "version": "0.27.2",
      "resolved": "https://registry.npmjs.org/@esbuild/aix-ppc64/-/aix-ppc64-0.27.2.tgz",
      "integrity": "sha512-GZMB+a0mOMZs4MpDbj8RJp4cw+w1WV5NYD6xzgvzUJ5Ek2jerwfO2eADyI6ExDSUED+1X8aMbegahsJi+8mgpw==",
      "cpu": [
        "ppc64"
      ],
      "dev": true,
      "license": "MIT",
      "optional": true,
      "os": [
        "aix"
      ],
      "engines": {
        "node": ">=18"
      }
    },
    "node_modules/@esbuild/android-arm": {
      "version": "0.27.2",
      "resolved": "https://registry.npmjs.org/@esbuild/android-arm/-/android-arm-0.27.2.tgz",
      "integrity": "sha512-DVNI8jlPa7Ujbr1yjU2PfUSRtAUZPG9I1RwW4F4xFB1Imiu2on0ADiI/c3td+KmDtVKNbi+nffGDQMfcIMkwIA==",
      "cpu": [
        "arm"
      ],
      "dev": true,
      "license": "MIT",
      "optional": true,
      "os": [
        "android"
      ],
      "engines": {
        "node": ">=18"
      }
    },
    "node_modules/@esbuild/android-arm64": {
      "version": "0.27.2",
      "resolved": "https://registry.npmjs.org/@esbuild/android-arm64/-/android-arm64-0.27.2.tgz",
      "integrity": "sha512-pvz8ZZ7ot/RBphf8fv60ljmaoydPU12VuXHImtAs0XhLLw+EXBi2BLe3OYSBslR4rryHvweW5gmkKFwTiFy6KA==",
      "cpu": [
        "arm64"
      ],
      "dev": true,
      "license": "MIT",
      "optional": true,
      "os": [
        "android"
      ],
      "engines": {
        "node": ">=18"
      }
    },
    "node_modules/@esbuild/android-x64": {
      "version": "0.27.2",
      "resolved": "https://registry.npmjs.org/@esbuild/android-x64/-/android-x64-0.27.2.tgz",
      "integrity": "sha512-z8Ank4Byh4TJJOh4wpz8g2vDy75zFL0TlZlkUkEwYXuPSgX8yzep596n6mT7905kA9uHZsf/o2OJZubl2l3M7A==",
      "cpu": [
        "x64"
      ],
      "dev": true,
      "license": "MIT",
      "optional": true,
      "os": [
        "android"
      ],
      "engines": {
        "node": ">=18"
      }
    },
    "node_modules/@esbuild/darwin-arm64": {
      "version": "0.27.2",
      "resolved": "https://registry.npmjs.org/@esbuild/darwin-arm64/-/darwin-arm64-0.27.2.tgz",
      "integrity": "sha512-davCD2Zc80nzDVRwXTcQP/28fiJbcOwvdolL0sOiOsbwBa72kegmVU0Wrh1MYrbuCL98Omp5dVhQFWRKR2ZAlg==",
      "cpu": [
        "arm64"
      ],
      "dev": true,
      "license": "MIT",
      "optional": true,
      "os": [
        "darwin"
      ],
      "engines": {
        "node": ">=18"
      }
    },
    "node_modules/@esbuild/darwin-x64": {
      "version": "0.27.2",
      "resolved": "https://registry.npmjs.org/@esbuild/darwin-x64/-/darwin-x64-0.27.2.tgz",
      "integrity": "sha512-ZxtijOmlQCBWGwbVmwOF/UCzuGIbUkqB1faQRf5akQmxRJ1ujusWsb3CVfk/9iZKr2L5SMU5wPBi1UWbvL+VQA==",
      "cpu": [
        "x64"
      ],
      "dev": true,
      "license": "MIT",
      "optional": true,
      "os": [
        "darwin"
      ],
      "engines": {
        "node": ">=18"
      }
    },
    "node_modules/@esbuild/freebsd-arm64": {
      "version": "0.27.2",
      "resolved": "https://registry.npmjs.org/@esbuild/freebsd-arm64/-/freebsd-arm64-0.27.2.tgz",
      "integrity": "sha512-lS/9CN+rgqQ9czogxlMcBMGd+l8Q3Nj1MFQwBZJyoEKI50XGxwuzznYdwcav6lpOGv5BqaZXqvBSiB/kJ5op+g==",
      "cpu": [
        "arm64"
      ],
      "dev": true,
      "license": "MIT",
      "optional": true,
      "os": [
        "freebsd"
      ],
      "engines": {
        "node": ">=18"
      }
    },
    "node_modules/@esbuild/freebsd-x64": {
      "version": "0.27.2",
      "resolved": "https://registry.npmjs.org/@esbuild/freebsd-x64/-/freebsd-x64-0.27.2.tgz",
      "integrity": "sha512-tAfqtNYb4YgPnJlEFu4c212HYjQWSO/w/h/lQaBK7RbwGIkBOuNKQI9tqWzx7Wtp7bTPaGC6MJvWI608P3wXYA==",
      "cpu": [
        "x64"
      ],
      "dev": true,
      "license": "MIT",
      "optional": true,
      "os": [
        "freebsd"
      ],
      "engines": {
        "node": ">=18"
      }
    },
    "node_modules/@esbuild/linux-arm": {
      "version": "0.27.2",
      "resolved": "https://registry.npmjs.org/@esbuild/linux-arm/-/linux-arm-0.27.2.tgz",
      "integrity": "sha512-vWfq4GaIMP9AIe4yj1ZUW18RDhx6EPQKjwe7n8BbIecFtCQG4CfHGaHuh7fdfq+y3LIA2vGS/o9ZBGVxIDi9hw==",
      "cpu": [
        "arm"
      ],
      "dev": true,
      "license": "MIT",
      "optional": true,
      "os": [
        "linux"
      ],
      "engines": {
        "node": ">=18"
      }
    },
    "node_modules/@esbuild/linux-arm64": {
      "version": "0.27.2",
      "resolved": "https://registry.npmjs.org/@esbuild/linux-arm64/-/linux-arm64-0.27.2.tgz",
      "integrity": "sha512-hYxN8pr66NsCCiRFkHUAsxylNOcAQaxSSkHMMjcpx0si13t1LHFphxJZUiGwojB1a/Hd5OiPIqDdXONia6bhTw==",
      "cpu": [
        "arm64"
      ],
      "dev": true,
      "license": "MIT",
      "optional": true,
      "os": [
        "linux"
      ],
      "engines": {
        "node": ">=18"
      }
    },
    "node_modules/@esbuild/linux-ia32": {
      "version": "0.27.2",
      "resolved": "https://registry.npmjs.org/@esbuild/linux-ia32/-/linux-ia32-0.27.2.tgz",
      "integrity": "sha512-MJt5BRRSScPDwG2hLelYhAAKh9imjHK5+NE/tvnRLbIqUWa+0E9N4WNMjmp/kXXPHZGqPLxggwVhz7QP8CTR8w==",
      "cpu": [
        "ia32"
      ],
      "dev": true,
      "license": "MIT",
      "optional": true,
      "os": [
        "linux"
      ],
      "engines": {
        "node": ">=18"
      }
    },
    "node_modules/@esbuild/linux-loong64": {
      "version": "0.27.2",
      "resolved": "https://registry.npmjs.org/@esbuild/linux-loong64/-/linux-loong64-0.27.2.tgz",
      "integrity": "sha512-lugyF1atnAT463aO6KPshVCJK5NgRnU4yb3FUumyVz+cGvZbontBgzeGFO1nF+dPueHD367a2ZXe1NtUkAjOtg==",
      "cpu": [
        "loong64"
      ],
      "dev": true,
      "license": "MIT",
      "optional": true,
      "os": [
        "linux"
      ],
      "engines": {
        "node": ">=18"
      }
    },
    "node_modules/@esbuild/linux-mips64el": {
      "version": "0.27.2",
      "resolved": "https://registry.npmjs.org/@esbuild/linux-mips64el/-/linux-mips64el-0.27.2.tgz",
      "integrity": "sha512-nlP2I6ArEBewvJ2gjrrkESEZkB5mIoaTswuqNFRv/WYd+ATtUpe9Y09RnJvgvdag7he0OWgEZWhviS1OTOKixw==",
      "cpu": [
        "mips64el"
      ],
      "dev": true,
      "license": "MIT",
      "optional": true,
      "os": [
        "linux"
      ],
      "engines": {
        "node": ">=18"
      }
    },
    "node_modules/@esbuild/linux-ppc64": {
      "version": "0.27.2",
      "resolved": "https://registry.npmjs.org/@esbuild/linux-ppc64/-/linux-ppc64-0.27.2.tgz",
      "integrity": "sha512-C92gnpey7tUQONqg1n6dKVbx3vphKtTHJaNG2Ok9lGwbZil6DrfyecMsp9CrmXGQJmZ7iiVXvvZH6Ml5hL6XdQ==",
      "cpu": [
        "ppc64"
      ],
      "dev": true,
      "license": "MIT",
      "optional": true,
      "os": [
        "linux"
      ],
      "engines": {
        "node": ">=18"
      }
    },
    "node_modules/@esbuild/linux-riscv64": {
      "version": "0.27.2",
      "resolved": "https://registry.npmjs.org/@esbuild/linux-riscv64/-/linux-riscv64-0.27.2.tgz",
      "integrity": "sha512-B5BOmojNtUyN8AXlK0QJyvjEZkWwy/FKvakkTDCziX95AowLZKR6aCDhG7LeF7uMCXEJqwa8Bejz5LTPYm8AvA==",
      "cpu": [
        "riscv64"
      ],
      "dev": true,
      "license": "MIT",
      "optional": true,
      "os": [
        "linux"
      ],
      "engines": {
        "node": ">=18"
      }
    },
    "node_modules/@esbuild/linux-s390x": {
      "version": "0.27.2",
      "resolved": "https://registry.npmjs.org/@esbuild/linux-s390x/-/linux-s390x-0.27.2.tgz",
      "integrity": "sha512-p4bm9+wsPwup5Z8f4EpfN63qNagQ47Ua2znaqGH6bqLlmJ4bx97Y9JdqxgGZ6Y8xVTixUnEkoKSHcpRlDnNr5w==",
      "cpu": [
        "s390x"
      ],
      "dev": true,
      "license": "MIT",
      "optional": true,
      "os": [
        "linux"
      ],
      "engines": {
        "node": ">=18"
      }
    },
    "node_modules/@esbuild/linux-x64": {
      "version": "0.27.2",
      "resolved": "https://registry.npmjs.org/@esbuild/linux-x64/-/linux-x64-0.27.2.tgz",
      "integrity": "sha512-uwp2Tip5aPmH+NRUwTcfLb+W32WXjpFejTIOWZFw/v7/KnpCDKG66u4DLcurQpiYTiYwQ9B7KOeMJvLCu/OvbA==",
      "cpu": [
        "x64"
      ],
      "dev": true,
      "license": "MIT",
      "optional": true,
      "os": [
        "linux"
      ],
      "engines": {
        "node": ">=18"
      }
    },
    "node_modules/@esbuild/netbsd-arm64": {
      "version": "0.27.2",
      "resolved": "https://registry.npmjs.org/@esbuild/netbsd-arm64/-/netbsd-arm64-0.27.2.tgz",
      "integrity": "sha512-Kj6DiBlwXrPsCRDeRvGAUb/LNrBASrfqAIok+xB0LxK8CHqxZ037viF13ugfsIpePH93mX7xfJp97cyDuTZ3cw==",
      "cpu": [
        "arm64"
      ],
      "dev": true,
      "license": "MIT",
      "optional": true,
      "os": [
        "netbsd"
      ],
      "engines": {
        "node": ">=18"
      }
    },
    "node_modules/@esbuild/netbsd-x64": {
      "version": "0.27.2",
      "resolved": "https://registry.npmjs.org/@esbuild/netbsd-x64/-/netbsd-x64-0.27.2.tgz",
      "integrity": "sha512-HwGDZ0VLVBY3Y+Nw0JexZy9o/nUAWq9MlV7cahpaXKW6TOzfVno3y3/M8Ga8u8Yr7GldLOov27xiCnqRZf0tCA==",
      "cpu": [
        "x64"
      ],
      "dev": true,
      "license": "MIT",
      "optional": true,
      "os": [
        "netbsd"
      ],
      "engines": {
        "node": ">=18"
      }
    },
    "node_modules/@esbuild/openbsd-arm64": {
      "version": "0.27.2",
      "resolved": "https://registry.npmjs.org/@esbuild/openbsd-arm64/-/openbsd-arm64-0.27.2.tgz",
      "integrity": "sha512-DNIHH2BPQ5551A7oSHD0CKbwIA/Ox7+78/AWkbS5QoRzaqlev2uFayfSxq68EkonB+IKjiuxBFoV8ESJy8bOHA==",
      "cpu": [
        "arm64"
      ],
      "dev": true,
      "license": "MIT",
      "optional": true,
      "os": [
        "openbsd"
      ],
      "engines": {
        "node": ">=18"
      }
    },
    "node_modules/@esbuild/openbsd-x64": {
      "version": "0.27.2",
      "resolved": "https://registry.npmjs.org/@esbuild/openbsd-x64/-/openbsd-x64-0.27.2.tgz",
      "integrity": "sha512-/it7w9Nb7+0KFIzjalNJVR5bOzA9Vay+yIPLVHfIQYG/j+j9VTH84aNB8ExGKPU4AzfaEvN9/V4HV+F+vo8OEg==",
      "cpu": [
        "x64"
      ],
      "dev": true,
      "license": "MIT",
      "optional": true,
      "os": [
        "openbsd"
      ],
      "engines": {
        "node": ">=18"
      }
    },
    "node_modules/@esbuild/openharmony-arm64": {
      "version": "0.27.2",
      "resolved": "https://registry.npmjs.org/@esbuild/openharmony-arm64/-/openharmony-arm64-0.27.2.tgz",
      "integrity": "sha512-LRBbCmiU51IXfeXk59csuX/aSaToeG7w48nMwA6049Y4J4+VbWALAuXcs+qcD04rHDuSCSRKdmY63sruDS5qag==",
      "cpu": [
        "arm64"
      ],
      "dev": true,
      "license": "MIT",
      "optional": true,
      "os": [
        "openharmony"
      ],
      "engines": {
        "node": ">=18"
      }
    },
    "node_modules/@esbuild/sunos-x64": {
      "version": "0.27.2",
      "resolved": "https://registry.npmjs.org/@esbuild/sunos-x64/-/sunos-x64-0.27.2.tgz",
      "integrity": "sha512-kMtx1yqJHTmqaqHPAzKCAkDaKsffmXkPHThSfRwZGyuqyIeBvf08KSsYXl+abf5HDAPMJIPnbBfXvP2ZC2TfHg==",
      "cpu": [
        "x64"
      ],
      "dev": true,
      "license": "MIT",
      "optional": true,
      "os": [
        "sunos"
      ],
      "engines": {
        "node": ">=18"
      }
    },
    "node_modules/@esbuild/win32-arm64": {
      "version": "0.27.2",
      "resolved": "https://registry.npmjs.org/@esbuild/win32-arm64/-/win32-arm64-0.27.2.tgz",
      "integrity": "sha512-Yaf78O/B3Kkh+nKABUF++bvJv5Ijoy9AN1ww904rOXZFLWVc5OLOfL56W+C8F9xn5JQZa3UX6m+IktJnIb1Jjg==",
      "cpu": [
        "arm64"
      ],
      "dev": true,
      "license": "MIT",
      "optional": true,
      "os": [
        "win32"
      ],
      "engines": {
        "node": ">=18"
      }
    },
    "node_modules/@esbuild/win32-ia32": {
      "version": "0.27.2",
      "resolved": "https://registry.npmjs.org/@esbuild/win32-ia32/-/win32-ia32-0.27.2.tgz",
      "integrity": "sha512-Iuws0kxo4yusk7sw70Xa2E2imZU5HoixzxfGCdxwBdhiDgt9vX9VUCBhqcwY7/uh//78A1hMkkROMJq9l27oLQ==",
      "cpu": [
        "ia32"
      ],
      "dev": true,
      "license": "MIT",
      "optional": true,
      "os": [
        "win32"
      ],
      "engines": {
        "node": ">=18"
      }
    },
    "node_modules/@esbuild/win32-x64": {
      "version": "0.27.2",
      "resolved": "https://registry.npmjs.org/@esbuild/win32-x64/-/win32-x64-0.27.2.tgz",
      "integrity": "sha512-sRdU18mcKf7F+YgheI/zGf5alZatMUTKj/jNS6l744f9u3WFu4v7twcUI9vu4mknF4Y9aDlblIie0IM+5xxaqQ==",
      "cpu": [
        "x64"
      ],
      "dev": true,
      "license": "MIT",
      "optional": true,
      "os": [
        "win32"
      ],
      "engines": {
        "node": ">=18"
      }
    },
    "node_modules/@solana-program/system": {
      "version": "0.10.0",
      "resolved": "https://registry.npmjs.org/@solana-program/system/-/system-0.10.0.tgz",
      "integrity": "sha512-Go+LOEZmqmNlfr+Gjy5ZWAdY5HbYzk2RBewD9QinEU/bBSzpFfzqDRT55JjFRBGJUvMgf3C2vfXEGT4i8DSI4g==",
      "license": "Apache-2.0",
      "peerDependencies": {
        "@solana/kit": "^5.0"
      }
    },
    "node_modules/@solana-program/token-2022": {
      "version": "0.6.1",
      "resolved": "https://registry.npmjs.org/@solana-program/token-2022/-/token-2022-0.6.1.tgz",
      "integrity": "sha512-Ex02cruDMGfBMvZZCrggVR45vdQQSI/unHVpt/7HPt/IwFYB4eTlXtO8otYZyqV/ce5GqZ8S6uwyRf0zy6fdbA==",
      "license": "Apache-2.0",
      "peerDependencies": {
        "@solana/kit": "^5.0",
        "@solana/sysvars": "^5.0"
      }
    },
    "node_modules/@solana/accounts": {
      "version": "5.5.1",
      "resolved": "https://registry.npmjs.org/@solana/accounts/-/accounts-5.5.1.tgz",
      "integrity": "sha512-TfOY9xixg5rizABuLVuZ9XI2x2tmWUC/OoN556xwfDlhBHBjKfszicYYOyD6nbFmwTGYarCmyGIdteXxTXIdhQ==",
      "license": "MIT",
      "dependencies": {
        "@solana/addresses": "5.5.1",
        "@solana/codecs-core": "5.5.1",
        "@solana/codecs-strings": "5.5.1",
        "@solana/errors": "5.5.1",
        "@solana/rpc-spec": "5.5.1",
        "@solana/rpc-types": "5.5.1"
      },
      "engines": {
        "node": ">=20.18.0"
      },
      "peerDependencies": {
        "typescript": "^5.0.0"
      },
      "peerDependenciesMeta": {
        "typescript": {
          "optional": true
        }
      }
    },
    "node_modules/@solana/addresses": {
      "version": "5.5.1",
      "resolved": "https://registry.npmjs.org/@solana/addresses/-/addresses-5.5.1.tgz",
      "integrity": "sha512-5xoah3Q9G30HQghu/9BiHLb5pzlPKRC3zydQDmE3O9H//WfayxTFppsUDCL6FjYUHqj/wzK6CWHySglc2RkpdA==",
      "license": "MIT",
      "dependencies": {
        "@solana/assertions": "5.5.1",
        "@solana/codecs-core": "5.5.1",
        "@solana/codecs-strings": "5.5.1",
        "@solana/errors": "5.5.1",
        "@solana/nominal-types": "5.5.1"
      },
      "engines": {
        "node": ">=20.18.0"
      },
      "peerDependencies": {
        "typescript": "^5.0.0"
      },
      "peerDependenciesMeta": {
        "typescript": {
          "optional": true
        }
      }
    },
    "node_modules/@solana/assertions": {
      "version": "5.5.1",
      "resolved": "https://registry.npmjs.org/@solana/assertions/-/assertions-5.5.1.tgz",
      "integrity": "sha512-YTCSWAlGwSlVPnWtWLm3ukz81wH4j2YaCveK+TjpvUU88hTy6fmUqxi0+hvAMAe4zKXpJyj3Az7BrLJRxbIm4Q==",
      "license": "MIT",
      "dependencies": {
        "@solana/errors": "5.5.1"
      },
      "engines": {
        "node": ">=20.18.0"
      },
      "peerDependencies": {
        "typescript": "^5.0.0"
      },
      "peerDependenciesMeta": {
        "typescript": {
          "optional": true
        }
      }
    },
    "node_modules/@solana/codecs": {
      "version": "5.5.1",
      "resolved": "https://registry.npmjs.org/@solana/codecs/-/codecs-5.5.1.tgz",
      "integrity": "sha512-Vea29nJub/bXjfzEV7ZZQ/PWr1pYLZo3z0qW0LQL37uKKVzVFRQlwetd7INk3YtTD3xm9WUYr7bCvYUk3uKy2g==",
      "license": "MIT",
      "dependencies": {
        "@solana/codecs-core": "5.5.1",
        "@solana/codecs-data-structures": "5.5.1",
        "@solana/codecs-numbers": "5.5.1",
        "@solana/codecs-strings": "5.5.1",
        "@solana/options": "5.5.1"
      },
      "engines": {
        "node": ">=20.18.0"
      },
      "peerDependencies": {
        "typescript": "^5.0.0"
      },
      "peerDependenciesMeta": {
        "typescript": {
          "optional": true
        }
      }
    },
    "node_modules/@solana/codecs-core": {
      "version": "5.5.1",
      "resolved": "https://registry.npmjs.org/@solana/codecs-core/-/codecs-core-5.5.1.tgz",
      "integrity": "sha512-TgBt//bbKBct0t6/MpA8ElaOA3sa8eYVvR7LGslCZ84WiAwwjCY0lW/lOYsFHJQzwREMdUyuEyy5YWBKtdh8Rw==",
      "license": "MIT",
      "dependencies": {
        "@solana/errors": "5.5.1"
      },
      "engines": {
        "node": ">=20.18.0"
      },
      "peerDependencies": {
        "typescript": "^5.0.0"
      },
      "peerDependenciesMeta": {
        "typescript": {
          "optional": true
        }
      }
    },
    "node_modules/@solana/codecs-data-structures": {
      "version": "5.5.1",
      "resolved": "https://registry.npmjs.org/@solana/codecs-data-structures/-/codecs-data-structures-5.5.1.tgz",
      "integrity": "sha512-97bJWGyUY9WvBz3mX1UV3YPWGDTez6btCfD0ip3UVEXJbItVuUiOkzcO5iFDUtQT5riKT6xC+Mzl+0nO76gd0w==",
      "license": "MIT",
      "dependencies": {
        "@solana/codecs-core": "5.5.1",
        "@solana/codecs-numbers": "5.5.1",
        "@solana/errors": "5.5.1"
      },
      "engines": {
        "node": ">=20.18.0"
      },
      "peerDependencies": {
        "typescript": "^5.0.0"
      },
      "peerDependenciesMeta": {
        "typescript": {
          "optional": true
        }
      }
    },
    "node_modules/@solana/codecs-numbers": {
      "version": "5.5.1",
      "resolved": "https://registry.npmjs.org/@solana/codecs-numbers/-/codecs-numbers-5.5.1.tgz",
      "integrity": "sha512-rllMIZAHqmtvC0HO/dc/21wDuWaD0B8Ryv8o+YtsICQBuiL/0U4AGwH7Pi5GNFySYk0/crSuwfIqQFtmxNSPFw==",
      "license": "MIT",
      "dependencies": {
        "@solana/codecs-core": "5.5.1",
        "@solana/errors": "5.5.1"
      },
      "engines": {
        "node": ">=20.18.0"
      },
      "peerDependencies": {
        "typescript": "^5.0.0"
      },
      "peerDependenciesMeta": {
        "typescript": {
          "optional": true
        }
      }
    },
    "node_modules/@solana/codecs-strings": {
      "version": "5.5.1",
      "resolved": "https://registry.npmjs.org/@solana/codecs-strings/-/codecs-strings-5.5.1.tgz",
      "integrity": "sha512-7klX4AhfHYA+uKKC/nxRGP2MntbYQCR3N6+v7bk1W/rSxYuhNmt+FN8aoThSZtWIKwN6BEyR1167ka8Co1+E7A==",
      "license": "MIT",
      "dependencies": {
        "@solana/codecs-core": "5.5.1",
        "@solana/codecs-numbers": "5.5.1",
        "@solana/errors": "5.5.1"
      },
      "engines": {
        "node": ">=20.18.0"
      },
      "peerDependencies": {
        "fastestsmallesttextencoderdecoder": "^1.0.22",
        "typescript": "^5.0.0"
      },
      "peerDependenciesMeta": {
        "fastestsmallesttextencoderdecoder": {
          "optional": true
        },
        "typescript": {
          "optional": true
        }
      }
    },
    "node_modules/@solana/errors": {
      "version": "5.5.1",
      "resolved": "https://registry.npmjs.org/@solana/errors/-/errors-5.5.1.tgz",
      "integrity": "sha512-vFO3p+S7HoyyrcAectnXbdsMfwUzY2zYFUc2DEe5BwpiE9J1IAxPBGjOWO6hL1bbYdBrlmjNx8DXCslqS+Kcmg==",
      "license": "MIT",
      "dependencies": {
        "chalk": "5.6.2",
        "commander": "14.0.2"
      },
      "bin": {
        "errors": "bin/cli.mjs"
      },
      "engines": {
        "node": ">=20.18.0"
      },
      "peerDependencies": {
        "typescript": "^5.0.0"
      },
      "peerDependenciesMeta": {
        "typescript": {
          "optional": true
        }
      }
    },
    "node_modules/@solana/fast-stable-stringify": {
      "version": "5.5.1",
      "resolved": "https://registry.npmjs.org/@solana/fast-stable-stringify/-/fast-stable-stringify-5.5.1.tgz",
      "integrity": "sha512-Ni7s2FN33zTzhTFgRjEbOVFO+UAmK8qi3Iu0/GRFYK4jN696OjKHnboSQH/EacQ+yGqS54bfxf409wU5dsLLCw==",
      "license": "MIT",
      "engines": {
        "node": ">=20.18.0"
      },
      "peerDependencies": {
        "typescript": "^5.0.0"
      },
      "peerDependenciesMeta": {
        "typescript": {
          "optional": true
        }
      }
    },
    "node_modules/@solana/functional": {
      "version": "5.5.1",
      "resolved": "https://registry.npmjs.org/@solana/functional/-/functional-5.5.1.tgz",
      "integrity": "sha512-tTHoJcEQq3gQx5qsdsDJ0LEJeFzwNpXD80xApW9o/PPoCNimI3SALkZl+zNW8VnxRrV3l3yYvfHWBKe/X3WG3w==",
      "license": "MIT",
      "engines": {
        "node": ">=20.18.0"
      },
      "peerDependencies": {
        "typescript": "^5.0.0"
      },
      "peerDependenciesMeta": {
        "typescript": {
          "optional": true
        }
      }
    },
    "node_modules/@solana/instruction-plans": {
      "version": "5.5.1",
      "resolved": "https://registry.npmjs.org/@solana/instruction-plans/-/instruction-plans-5.5.1.tgz",
      "integrity": "sha512-7z3CB7YMcFKuVvgcnNY8bY6IsZ8LG61Iytbz7HpNVGX2u1RthOs1tRW8luTzSG1MPL0Ox7afyAVMYeFqSPHnaQ==",
      "license": "MIT",
      "dependencies": {
        "@solana/errors": "5.5.1",
        "@solana/instructions": "5.5.1",
        "@solana/keys": "5.5.1",
        "@solana/promises": "5.5.1",
        "@solana/transaction-messages": "5.5.1",
        "@solana/transactions": "5.5.1"
      },
      "engines": {
        "node": ">=20.18.0"
      },
      "peerDependencies": {
        "typescript": "^5.0.0"
      },
      "peerDependenciesMeta": {
        "typescript": {
          "optional": true
        }
      }
    },
    "node_modules/@solana/instructions": {
      "version": "5.5.1",
      "resolved": "https://registry.npmjs.org/@solana/instructions/-/instructions-5.5.1.tgz",
      "integrity": "sha512-h0G1CG6S+gUUSt0eo6rOtsaXRBwCq1+Js2a+Ps9Bzk9q7YHNFA75/X0NWugWLgC92waRp66hrjMTiYYnLBoWOQ==",
      "license": "MIT",
      "dependencies": {
        "@solana/codecs-core": "5.5.1",
        "@solana/errors": "5.5.1"
      },
      "engines": {
        "node": ">=20.18.0"
      },
      "peerDependencies": {
        "typescript": "^5.0.0"
      },
      "peerDependenciesMeta": {
        "typescript": {
          "optional": true
        }
      }
    },
    "node_modules/@solana/keys": {
      "version": "5.5.1",
      "resolved": "https://registry.npmjs.org/@solana/keys/-/keys-5.5.1.tgz",
      "integrity": "sha512-KRD61cL7CRL+b4r/eB9dEoVxIf/2EJ1Pm1DmRYhtSUAJD2dJ5Xw8QFuehobOGm9URqQ7gaQl+Fkc1qvDlsWqKg==",
      "license": "MIT",
      "dependencies": {
        "@solana/assertions": "5.5.1",
        "@solana/codecs-core": "5.5.1",
        "@solana/codecs-strings": "5.5.1",
        "@solana/errors": "5.5.1",
        "@solana/nominal-types": "5.5.1"
      },
      "engines": {
        "node": ">=20.18.0"
      },
      "peerDependencies": {
        "typescript": "^5.0.0"
      },
      "peerDependenciesMeta": {
        "typescript": {
          "optional": true
        }
      }
    },
    "node_modules/@solana/kit": {
      "version": "5.5.1",
      "resolved": "https://registry.npmjs.org/@solana/kit/-/kit-5.5.1.tgz",
      "integrity": "sha512-irKUGiV2yRoyf+4eGQ/ZeCRxa43yjFEL1DUI5B0DkcfZw3cr0VJtVJnrG8OtVF01vT0OUfYOcUn6zJW5TROHvQ==",
      "license": "MIT",
      "peer": true,
      "dependencies": {
        "@solana/accounts": "5.5.1",
        "@solana/addresses": "5.5.1",
        "@solana/codecs": "5.5.1",
        "@solana/errors": "5.5.1",
        "@solana/functional": "5.5.1",
        "@solana/instruction-plans": "5.5.1",
        "@solana/instructions": "5.5.1",
        "@solana/keys": "5.5.1",
        "@solana/offchain-messages": "5.5.1",
        "@solana/plugin-core": "5.5.1",
        "@solana/programs": "5.5.1",
        "@solana/rpc": "5.5.1",
        "@solana/rpc-api": "5.5.1",
        "@solana/rpc-parsed-types": "5.5.1",
        "@solana/rpc-spec-types": "5.5.1",
        "@solana/rpc-subscriptions": "5.5.1",
        "@solana/rpc-types": "5.5.1",
        "@solana/signers": "5.5.1",
        "@solana/sysvars": "5.5.1",
        "@solana/transaction-confirmation": "5.5.1",
        "@solana/transaction-messages": "5.5.1",
        "@solana/transactions": "5.5.1"
      },
      "engines": {
        "node": ">=20.18.0"
      },
      "peerDependencies": {
        "typescript": "^5.0.0"
      },
      "peerDependenciesMeta": {
        "typescript": {
          "optional": true
        }
      }
    },
    "node_modules/@solana/nominal-types": {
      "version": "5.5.1",
      "resolved": "https://registry.npmjs.org/@solana/nominal-types/-/nominal-types-5.5.1.tgz",
      "integrity": "sha512-I1ImR+kfrLFxN5z22UDiTWLdRZeKtU0J/pkWkO8qm/8WxveiwdIv4hooi8pb6JnlR4mSrWhq0pCIOxDYrL9GIQ==",
      "license": "MIT",
      "engines": {
        "node": ">=20.18.0"
      },
      "peerDependencies": {
        "typescript": "^5.0.0"
      },
      "peerDependenciesMeta": {
        "typescript": {
          "optional": true
        }
      }
    },
    "node_modules/@solana/offchain-messages": {
      "version": "5.5.1",
      "resolved": "https://registry.npmjs.org/@solana/offchain-messages/-/offchain-messages-5.5.1.tgz",
      "integrity": "sha512-g+xHH95prTU+KujtbOzj8wn+C7ZNoiLhf3hj6nYq3MTyxOXtBEysguc97jJveUZG0K97aIKG6xVUlMutg5yxhw==",
      "license": "MIT",
      "dependencies": {
        "@solana/addresses": "5.5.1",
        "@solana/codecs-core": "5.5.1",
        "@solana/codecs-data-structures": "5.5.1",
        "@solana/codecs-numbers": "5.5.1",
        "@solana/codecs-strings": "5.5.1",
        "@solana/errors": "5.5.1",
        "@solana/keys": "5.5.1",
        "@solana/nominal-types": "5.5.1"
      },
      "engines": {
        "node": ">=20.18.0"
      },
      "peerDependencies": {
        "typescript": "^5.0.0"
      },
      "peerDependenciesMeta": {
        "typescript": {
          "optional": true
        }
      }
    },
    "node_modules/@solana/options": {
      "version": "5.5.1",
      "resolved": "https://registry.npmjs.org/@solana/options/-/options-5.5.1.tgz",
      "integrity": "sha512-eo971c9iLNLmk+yOFyo7yKIJzJ/zou6uKpy6mBuyb/thKtS/haiKIc3VLhyTXty3OH2PW8yOlORJnv4DexJB8A==",
      "license": "MIT",
      "dependencies": {
        "@solana/codecs-core": "5.5.1",
        "@solana/codecs-data-structures": "5.5.1",
        "@solana/codecs-numbers": "5.5.1",
        "@solana/codecs-strings": "5.5.1",
        "@solana/errors": "5.5.1"
      },
      "engines": {
        "node": ">=20.18.0"
      },
      "peerDependencies": {
        "typescript": "^5.0.0"
      },
      "peerDependenciesMeta": {
        "typescript": {
          "optional": true
        }
      }
    },
    "node_modules/@solana/plugin-core": {
      "version": "5.5.1",
      "resolved": "https://registry.npmjs.org/@solana/plugin-core/-/plugin-core-5.5.1.tgz",
      "integrity": "sha512-VUZl30lDQFJeiSyNfzU1EjYt2QZvoBFKEwjn1lilUJw7KgqD5z7mbV7diJhT+dLFs36i0OsjXvq5kSygn8YJ3A==",
      "license": "MIT",
      "engines": {
        "node": ">=20.18.0"
      },
      "peerDependencies": {
        "typescript": "^5.0.0"
      },
      "peerDependenciesMeta": {
        "typescript": {
          "optional": true
        }
      }
    },
    "node_modules/@solana/programs": {
      "version": "5.5.1",
      "resolved": "https://registry.npmjs.org/@solana/programs/-/programs-5.5.1.tgz",
      "integrity": "sha512-7U9kn0Jsx1NuBLn5HRTFYh78MV4XN145Yc3WP/q5BlqAVNlMoU9coG5IUTJIG847TUqC1lRto3Dnpwm6T4YRpA==",
      "license": "MIT",
      "dependencies": {
        "@solana/addresses": "5.5.1",
        "@solana/errors": "5.5.1"
      },
      "engines": {
        "node": ">=20.18.0"
      },
      "peerDependencies": {
        "typescript": "^5.0.0"
      },
      "peerDependenciesMeta": {
        "typescript": {
          "optional": true
        }
      }
    },
    "node_modules/@solana/promises": {
      "version": "5.5.1",
      "resolved": "https://registry.npmjs.org/@solana/promises/-/promises-5.5.1.tgz",
      "integrity": "sha512-T9lfuUYkGykJmppEcssNiCf6yiYQxJkhiLPP+pyAc2z84/7r3UVIb2tNJk4A9sucS66pzJnVHZKcZVGUUp6wzA==",
      "license": "MIT",
      "engines": {
        "node": ">=20.18.0"
      },
      "peerDependencies": {
        "typescript": "^5.0.0"
      },
      "peerDependenciesMeta": {
        "typescript": {
          "optional": true
        }
      }
    },
    "node_modules/@solana/rpc": {
      "version": "5.5.1",
      "resolved": "https://registry.npmjs.org/@solana/rpc/-/rpc-5.5.1.tgz",
      "integrity": "sha512-ku8zTUMrkCWci66PRIBC+1mXepEnZH/q1f3ck0kJZ95a06bOTl5KU7HeXWtskkyefzARJ5zvCs54AD5nxjQJ+A==",
      "license": "MIT",
      "dependencies": {
        "@solana/errors": "5.5.1",
        "@solana/fast-stable-stringify": "5.5.1",
        "@solana/functional": "5.5.1",
        "@solana/rpc-api": "5.5.1",
        "@solana/rpc-spec": "5.5.1",
        "@solana/rpc-spec-types": "5.5.1",
        "@solana/rpc-transformers": "5.5.1",
        "@solana/rpc-transport-http": "5.5.1",
        "@solana/rpc-types": "5.5.1"
      },
      "engines": {
        "node": ">=20.18.0"
      },
      "peerDependencies": {
        "typescript": "^5.0.0"
      },
      "peerDependenciesMeta": {
        "typescript": {
          "optional": true
        }
      }
    },
    "node_modules/@solana/rpc-api": {
      "version": "5.5.1",
      "resolved": "https://registry.npmjs.org/@solana/rpc-api/-/rpc-api-5.5.1.tgz",
      "integrity": "sha512-XWOQQPhKl06Vj0xi3RYHAc6oEQd8B82okYJ04K7N0Vvy3J4PN2cxeK7klwkjgavdcN9EVkYCChm2ADAtnztKnA==",
      "license": "MIT",
      "dependencies": {
        "@solana/addresses": "5.5.1",
        "@solana/codecs-core": "5.5.1",
        "@solana/codecs-strings": "5.5.1",
        "@solana/errors": "5.5.1",
        "@solana/keys": "5.5.1",
        "@solana/rpc-parsed-types": "5.5.1",
        "@solana/rpc-spec": "5.5.1",
        "@solana/rpc-transformers": "5.5.1",
        "@solana/rpc-types": "5.5.1",
        "@solana/transaction-messages": "5.5.1",
        "@solana/transactions": "5.5.1"
      },
      "engines": {
        "node": ">=20.18.0"
      },
      "peerDependencies": {
        "typescript": "^5.0.0"
      },
      "peerDependenciesMeta": {
        "typescript": {
          "optional": true
        }
      }
    },
    "node_modules/@solana/rpc-parsed-types": {
      "version": "5.5.1",
      "resolved": "https://registry.npmjs.org/@solana/rpc-parsed-types/-/rpc-parsed-types-5.5.1.tgz",
      "integrity": "sha512-HEi3G2nZqGEsa3vX6U0FrXLaqnUCg4SKIUrOe8CezD+cSFbRTOn3rCLrUmJrhVyXlHoQVaRO9mmeovk31jWxJg==",
      "license": "MIT",
      "engines": {
        "node": ">=20.18.0"
      },
      "peerDependencies": {
        "typescript": "^5.0.0"
      },
      "peerDependenciesMeta": {
        "typescript": {
          "optional": true
        }
      }
    },
    "node_modules/@solana/rpc-spec": {
      "version": "5.5.1",
      "resolved": "https://registry.npmjs.org/@solana/rpc-spec/-/rpc-spec-5.5.1.tgz",
      "integrity": "sha512-m3LX2bChm3E3by4mQrH4YwCAFY57QBzuUSWqlUw7ChuZ+oLLOq7b2czi4i6L4Vna67j3eCmB3e+4tqy1j5wy7Q==",
      "license": "MIT",
      "dependencies": {
        "@solana/errors": "5.5.1",
        "@solana/rpc-spec-types": "5.5.1"
      },
      "engines": {
        "node": ">=20.18.0"
      },
      "peerDependencies": {
        "typescript": "^5.0.0"
      },
      "peerDependenciesMeta": {
        "typescript": {
          "optional": true
        }
      }
    },
    "node_modules/@solana/rpc-spec-types": {
      "version": "5.5.1",
      "resolved": "https://registry.npmjs.org/@solana/rpc-spec-types/-/rpc-spec-types-5.5.1.tgz",
      "integrity": "sha512-6OFKtRpIEJQs8Jb2C4OO8KyP2h2Hy1MFhatMAoXA+0Ik8S3H+CicIuMZvGZ91mIu/tXicuOOsNNLu3HAkrakrw==",
      "license": "MIT",
      "engines": {
        "node": ">=20.18.0"
      },
      "peerDependencies": {
        "typescript": "^5.0.0"
      },
      "peerDependenciesMeta": {
        "typescript": {
          "optional": true
        }
      }
    },
    "node_modules/@solana/rpc-subscriptions": {
      "version": "5.5.1",
      "resolved": "https://registry.npmjs.org/@solana/rpc-subscriptions/-/rpc-subscriptions-5.5.1.tgz",
      "integrity": "sha512-CTMy5bt/6mDh4tc6vUJms9EcuZj3xvK0/xq8IQ90rhkpYvate91RjBP+egvjgSayUg9yucU9vNuUpEjz4spM7w==",
      "license": "MIT",
      "dependencies": {
        "@solana/errors": "5.5.1",
        "@solana/fast-stable-stringify": "5.5.1",
        "@solana/functional": "5.5.1",
        "@solana/promises": "5.5.1",
        "@solana/rpc-spec-types": "5.5.1",
        "@solana/rpc-subscriptions-api": "5.5.1",
        "@solana/rpc-subscriptions-channel-websocket": "5.5.1",
        "@solana/rpc-subscriptions-spec": "5.5.1",
        "@solana/rpc-transformers": "5.5.1",
        "@solana/rpc-types": "5.5.1",
        "@solana/subscribable": "5.5.1"
      },
      "engines": {
        "node": ">=20.18.0"
      },
      "peerDependencies": {
        "typescript": "^5.0.0"
      },
      "peerDependenciesMeta": {
        "typescript": {
          "optional": true
        }
      }
    },
    "node_modules/@solana/rpc-subscriptions-api": {
      "version": "5.5.1",
      "resolved": "https://registry.npmjs.org/@solana/rpc-subscriptions-api/-/rpc-subscriptions-api-5.5.1.tgz",
      "integrity": "sha512-5Oi7k+GdeS8xR2ly1iuSFkAv6CZqwG0Z6b1QZKbEgxadE1XGSDrhM2cn59l+bqCozUWCqh4c/A2znU/qQjROlw==",
      "license": "MIT",
      "dependencies": {
        "@solana/addresses": "5.5.1",
        "@solana/keys": "5.5.1",
        "@solana/rpc-subscriptions-spec": "5.5.1",
        "@solana/rpc-transformers": "5.5.1",
        "@solana/rpc-types": "5.5.1",
        "@solana/transaction-messages": "5.5.1",
        "@solana/transactions": "5.5.1"
      },
      "engines": {
        "node": ">=20.18.0"
      },
      "peerDependencies": {
        "typescript": "^5.0.0"
      },
      "peerDependenciesMeta": {
        "typescript": {
          "optional": true
        }
      }
    },
    "node_modules/@solana/rpc-subscriptions-channel-websocket": {
      "version": "5.5.1",
      "resolved": "https://registry.npmjs.org/@solana/rpc-subscriptions-channel-websocket/-/rpc-subscriptions-channel-websocket-5.5.1.tgz",
      "integrity": "sha512-7tGfBBrYY8TrngOyxSHoCU5shy86iA9SRMRrPSyBhEaZRAk6dnbdpmUTez7gtdVo0BCvh9nzQtUycKWSS7PnFQ==",
      "license": "MIT",
      "dependencies": {
        "@solana/errors": "5.5.1",
        "@solana/functional": "5.5.1",
        "@solana/rpc-subscriptions-spec": "5.5.1",
        "@solana/subscribable": "5.5.1",
        "ws": "^8.19.0"
      },
      "engines": {
        "node": ">=20.18.0"
      },
      "peerDependencies": {
        "typescript": "^5.0.0"
      },
      "peerDependenciesMeta": {
        "typescript": {
          "optional": true
        }
      }
    },
    "node_modules/@solana/rpc-subscriptions-spec": {
      "version": "5.5.1",
      "resolved": "https://registry.npmjs.org/@solana/rpc-subscriptions-spec/-/rpc-subscriptions-spec-5.5.1.tgz",
      "integrity": "sha512-iq+rGq5fMKP3/mKHPNB6MC8IbVW41KGZg83Us/+LE3AWOTWV1WT20KT2iH1F1ik9roi42COv/TpoZZvhKj45XQ==",
      "license": "MIT",
      "dependencies": {
        "@solana/errors": "5.5.1",
        "@solana/promises": "5.5.1",
        "@solana/rpc-spec-types": "5.5.1",
        "@solana/subscribable": "5.5.1"
      },
      "engines": {
        "node": ">=20.18.0"
      },
      "peerDependencies": {
        "typescript": "^5.0.0"
      },
      "peerDependenciesMeta": {
        "typescript": {
          "optional": true
        }
      }
    },
    "node_modules/@solana/rpc-transformers": {
      "version": "5.5.1",
      "resolved": "https://registry.npmjs.org/@solana/rpc-transformers/-/rpc-transformers-5.5.1.tgz",
      "integrity": "sha512-OsWqLCQdcrRJKvHiMmwFhp9noNZ4FARuMkHT5us3ustDLXaxOjF0gfqZLnMkulSLcKt7TGXqMhBV+HCo7z5M8Q==",
      "license": "MIT",
      "dependencies": {
        "@solana/errors": "5.5.1",
        "@solana/functional": "5.5.1",
        "@solana/nominal-types": "5.5.1",
        "@solana/rpc-spec-types": "5.5.1",
        "@solana/rpc-types": "5.5.1"
      },
      "engines": {
        "node": ">=20.18.0"
      },
      "peerDependencies": {
        "typescript": "^5.0.0"
      },
      "peerDependenciesMeta": {
        "typescript": {
          "optional": true
        }
      }
    },
    "node_modules/@solana/rpc-transport-http": {
      "version": "5.5.1",
      "resolved": "https://registry.npmjs.org/@solana/rpc-transport-http/-/rpc-transport-http-5.5.1.tgz",
      "integrity": "sha512-yv8GoVSHqEV0kUJEIhkdOVkR2SvJ6yoWC51cJn2rSV7plr6huLGe0JgujCmB7uZhhaLbcbP3zxXxu9sOjsi7Fg==",
      "license": "MIT",
      "dependencies": {
        "@solana/errors": "5.5.1",
        "@solana/rpc-spec": "5.5.1",
        "@solana/rpc-spec-types": "5.5.1",
        "undici-types": "^7.19.2"
      },
      "engines": {
        "node": ">=20.18.0"
      },
      "peerDependencies": {
        "typescript": "^5.0.0"
      },
      "peerDependenciesMeta": {
        "typescript": {
          "optional": true
        }
      }
    },
    "node_modules/@solana/rpc-types": {
      "version": "5.5.1",
      "resolved": "https://registry.npmjs.org/@solana/rpc-types/-/rpc-types-5.5.1.tgz",
      "integrity": "sha512-bibTFQ7PbHJJjGJPmfYC2I+/5CRFS4O2p9WwbFraX1Keeel+nRrt/NBXIy8veP5AEn2sVJIyJPpWBRpCx1oATA==",
      "license": "MIT",
      "dependencies": {
        "@solana/addresses": "5.5.1",
        "@solana/codecs-core": "5.5.1",
        "@solana/codecs-numbers": "5.5.1",
        "@solana/codecs-strings": "5.5.1",
        "@solana/errors": "5.5.1",
        "@solana/nominal-types": "5.5.1"
      },
      "engines": {
        "node": ">=20.18.0"
      },
      "peerDependencies": {
        "typescript": "^5.0.0"
      },
      "peerDependenciesMeta": {
        "typescript": {
          "optional": true
        }
      }
    },
    "node_modules/@solana/signers": {
      "version": "5.5.1",
      "resolved": "https://registry.npmjs.org/@solana/signers/-/signers-5.5.1.tgz",
      "integrity": "sha512-FY0IVaBT2kCAze55vEieR6hag4coqcuJ31Aw3hqRH7mv6sV8oqwuJmUrx+uFwOp1gwd5OEAzlv6N4hOOple4sQ==",
      "license": "MIT",
      "dependencies": {
        "@solana/addresses": "5.5.1",
        "@solana/codecs-core": "5.5.1",
        "@solana/errors": "5.5.1",
        "@solana/instructions": "5.5.1",
        "@solana/keys": "5.5.1",
        "@solana/nominal-types": "5.5.1",
        "@solana/offchain-messages": "5.5.1",
        "@solana/transaction-messages": "5.5.1",
        "@solana/transactions": "5.5.1"
      },
      "engines": {
        "node": ">=20.18.0"
      },
      "peerDependencies": {
        "typescript": "^5.0.0"
      },
      "peerDependenciesMeta": {
        "typescript": {
          "optional": true
        }
      }
    },
    "node_modules/@solana/subscribable": {
      "version": "5.5.1",
      "resolved": "https://registry.npmjs.org/@solana/subscribable/-/subscribable-5.5.1.tgz",
      "integrity": "sha512-9K0PsynFq0CsmK1CDi5Y2vUIJpCqkgSS5yfDN0eKPgHqEptLEaia09Kaxc90cSZDZU5mKY/zv1NBmB6Aro9zQQ==",
      "license": "MIT",
      "dependencies": {
        "@solana/errors": "5.5.1"
      },
      "engines": {
        "node": ">=20.18.0"
      },
      "peerDependencies": {
        "typescript": "^5.0.0"
      },
      "peerDependenciesMeta": {
        "typescript": {
          "optional": true
        }
      }
    },
    "node_modules/@solana/sysvars": {
      "version": "5.5.1",
      "resolved": "https://registry.npmjs.org/@solana/sysvars/-/sysvars-5.5.1.tgz",
      "integrity": "sha512-k3Quq87Mm+geGUu1GWv6knPk0ALsfY6EKSJGw9xUJDHzY/RkYSBnh0RiOrUhtFm2TDNjOailg8/m0VHmi3reFA==",
      "license": "MIT",
      "peer": true,
      "dependencies": {
        "@solana/accounts": "5.5.1",
        "@solana/codecs": "5.5.1",
        "@solana/errors": "5.5.1",
        "@solana/rpc-types": "5.5.1"
      },
      "engines": {
        "node": ">=20.18.0"
      },
      "peerDependencies": {
        "typescript": "^5.0.0"
      },
      "peerDependenciesMeta": {
        "typescript": {
          "optional": true
        }
      }
    },
    "node_modules/@solana/transaction-confirmation": {
      "version": "5.5.1",
      "resolved": "https://registry.npmjs.org/@solana/transaction-confirmation/-/transaction-confirmation-5.5.1.tgz",
      "integrity": "sha512-j4mKlYPHEyu+OD7MBt3jRoX4ScFgkhZC6H65on4Fux6LMScgivPJlwnKoZMnsgxFgWds0pl+BYzSiALDsXlYtw==",
      "license": "MIT",
      "dependencies": {
        "@solana/addresses": "5.5.1",
        "@solana/codecs-strings": "5.5.1",
        "@solana/errors": "5.5.1",
        "@solana/keys": "5.5.1",
        "@solana/promises": "5.5.1",
        "@solana/rpc": "5.5.1",
        "@solana/rpc-subscriptions": "5.5.1",
        "@solana/rpc-types": "5.5.1",
        "@solana/transaction-messages": "5.5.1",
        "@solana/transactions": "5.5.1"
      },
      "engines": {
        "node": ">=20.18.0"
      },
      "peerDependencies": {
        "typescript": "^5.0.0"
      },
      "peerDependenciesMeta": {
        "typescript": {
          "optional": true
        }
      }
    },
    "node_modules/@solana/transaction-messages": {
      "version": "5.5.1",
      "resolved": "https://registry.npmjs.org/@solana/transaction-messages/-/transaction-messages-5.5.1.tgz",
      "integrity": "sha512-aXyhMCEaAp3M/4fP0akwBBQkFPr4pfwoC5CLDq999r/FUwDax2RE/h4Ic7h2Xk+JdcUwsb+rLq85Y52hq84XvQ==",
      "license": "MIT",
      "dependencies": {
        "@solana/addresses": "5.5.1",
        "@solana/codecs-core": "5.5.1",
        "@solana/codecs-data-structures": "5.5.1",
        "@solana/codecs-numbers": "5.5.1",
        "@solana/errors": "5.5.1",
        "@solana/functional": "5.5.1",
        "@solana/instructions": "5.5.1",
        "@solana/nominal-types": "5.5.1",
        "@solana/rpc-types": "5.5.1"
      },
      "engines": {
        "node": ">=20.18.0"
      },
      "peerDependencies": {
        "typescript": "^5.0.0"
      },
      "peerDependenciesMeta": {
        "typescript": {
          "optional": true
        }
      }
    },
    "node_modules/@solana/transactions": {
      "version": "5.5.1",
      "resolved": "https://registry.npmjs.org/@solana/transactions/-/transactions-5.5.1.tgz",
      "integrity": "sha512-8hHtDxtqalZ157pnx6p8k10D7J/KY/biLzfgh9R09VNLLY3Fqi7kJvJCr7M2ik3oRll56pxhraAGCC9yIT6eOA==",
      "license": "MIT",
      "dependencies": {
        "@solana/addresses": "5.5.1",
        "@solana/codecs-core": "5.5.1",
        "@solana/codecs-data-structures": "5.5.1",
        "@solana/codecs-numbers": "5.5.1",
        "@solana/codecs-strings": "5.5.1",
        "@solana/errors": "5.5.1",
        "@solana/functional": "5.5.1",
        "@solana/instructions": "5.5.1",
        "@solana/keys": "5.5.1",
        "@solana/nominal-types": "5.5.1",
        "@solana/rpc-types": "5.5.1",
        "@solana/transaction-messages": "5.5.1"
      },
      "engines": {
        "node": ">=20.18.0"
      },
      "peerDependencies": {
        "typescript": "^5.0.0"
      },
      "peerDependenciesMeta": {
        "typescript": {
          "optional": true
        }
      }
    },
    "node_modules/chalk": {
      "version": "5.6.2",
      "resolved": "https://registry.npmjs.org/chalk/-/chalk-5.6.2.tgz",
      "integrity": "sha512-7NzBL0rN6fMUW+f7A6Io4h40qQlG+xGmtMxfbnH/K7TAtt8JQWVQK+6g0UXKMeVJoyV5EkkNsErQ8pVD3bLHbA==",
      "license": "MIT",
      "engines": {
        "node": "^12.17.0 || ^14.13 || >=16.0.0"
      },
      "funding": {
        "url": "https://github.com/chalk/chalk?sponsor=1"
      }
    },
    "node_modules/commander": {
      "version": "14.0.2",
      "resolved": "https://registry.npmjs.org/commander/-/commander-14.0.2.tgz",
      "integrity": "sha512-TywoWNNRbhoD0BXs1P3ZEScW8W5iKrnbithIl0YH+uCmBd0QpPOA8yc82DS3BIE5Ma6FnBVUsJ7wVUDz4dvOWQ==",
      "license": "MIT",
      "engines": {
        "node": ">=20"
      }
    },
    "node_modules/esbuild": {
      "version": "0.27.2",
      "resolved": "https://registry.npmjs.org/esbuild/-/esbuild-0.27.2.tgz",
      "integrity": "sha512-HyNQImnsOC7X9PMNaCIeAm4ISCQXs5a5YasTXVliKv4uuBo1dKrG0A+uQS8M5eXjVMnLg3WgXaKvprHlFJQffw==",
      "dev": true,
      "hasInstallScript": true,
      "license": "MIT",
      "bin": {
        "esbuild": "bin/esbuild"
      },
      "engines": {
        "node": ">=18"
      },
      "optionalDependencies": {
        "@esbuild/aix-ppc64": "0.27.2",
        "@esbuild/android-arm": "0.27.2",
        "@esbuild/android-arm64": "0.27.2",
        "@esbuild/android-x64": "0.27.2",
        "@esbuild/darwin-arm64": "0.27.2",
        "@esbuild/darwin-x64": "0.27.2",
        "@esbuild/freebsd-arm64": "0.27.2",
        "@esbuild/freebsd-x64": "0.27.2",
        "@esbuild/linux-arm": "0.27.2",
        "@esbuild/linux-arm64": "0.27.2",
        "@esbuild/linux-ia32": "0.27.2",
        "@esbuild/linux-loong64": "0.27.2",
        "@esbuild/linux-mips64el": "0.27.2",
        "@esbuild/linux-ppc64": "0.27.2",
        "@esbuild/linux-riscv64": "0.27.2",
        "@esbuild/linux-s390x": "0.27.2",
        "@esbuild/linux-x64": "0.27.2",
        "@esbuild/netbsd-arm64": "0.27.2",
        "@esbuild/netbsd-x64": "0.27.2",
        "@esbuild/openbsd-arm64": "0.27.2",
        "@esbuild/openbsd-x64": "0.27.2",
        "@esbuild/openharmony-arm64": "0.27.2",
        "@esbuild/sunos-x64": "0.27.2",
        "@esbuild/win32-arm64": "0.27.2",
        "@esbuild/win32-ia32": "0.27.2",
        "@esbuild/win32-x64": "0.27.2"
      }
    },
    "node_modules/fsevents": {
      "version": "2.3.3",
      "resolved": "https://registry.npmjs.org/fsevents/-/fsevents-2.3.3.tgz",
      "integrity": "sha512-5xoDfX+fL7faATnagmWPpbFtwh/R77WmMMqqHGS65C3vvB0YHrgF+B1YmZ3441tMj5n63k0212XNoJwzlhffQw==",
      "dev": true,
      "hasInstallScript": true,
      "license": "MIT",
      "optional": true,
      "os": [
        "darwin"
      ],
      "engines": {
        "node": "^8.16.0 || ^10.6.0 || >=11.0.0"
      }
    },
    "node_modules/get-tsconfig": {
      "version": "4.13.0",
      "resolved": "https://registry.npmjs.org/get-tsconfig/-/get-tsconfig-4.13.0.tgz",
      "integrity": "sha512-1VKTZJCwBrvbd+Wn3AOgQP/2Av+TfTCOlE4AcRJE72W1ksZXbAx8PPBR9RzgTeSPzlPMHrbANMH3LbltH73wxQ==",
      "dev": true,
      "license": "MIT",
      "dependencies": {
        "resolve-pkg-maps": "^1.0.0"
      },
      "funding": {
        "url": "https://github.com/privatenumber/get-tsconfig?sponsor=1"
      }
    },
    "node_modules/resolve-pkg-maps": {
      "version": "1.0.0",
      "resolved": "https://registry.npmjs.org/resolve-pkg-maps/-/resolve-pkg-maps-1.0.0.tgz",
      "integrity": "sha512-seS2Tj26TBVOC2NIc2rOe2y2ZO7efxITtLZcGSOnHHNOQ7CkiUBfw0Iw2ck6xkIhPwLhKNLS8BO+hEpngQlqzw==",
      "dev": true,
      "license": "MIT",
      "funding": {
        "url": "https://github.com/privatenumber/resolve-pkg-maps?sponsor=1"
      }
    },
    "node_modules/tsx": {
      "version": "4.21.0",
      "resolved": "https://registry.npmjs.org/tsx/-/tsx-4.21.0.tgz",
      "integrity": "sha512-5C1sg4USs1lfG0GFb2RLXsdpXqBSEhAaA/0kPL01wxzpMqLILNxIxIOKiILz+cdg/pLnOUxFYOR5yhHU666wbw==",
      "dev": true,
      "license": "MIT",
      "dependencies": {
        "esbuild": "~0.27.0",
        "get-tsconfig": "^4.7.5"
      },
      "bin": {
        "tsx": "dist/cli.mjs"
      },
      "engines": {
        "node": ">=18.0.0"
      },
      "optionalDependencies": {
        "fsevents": "~2.3.3"
      }
    },
    "node_modules/undici-types": {
      "version": "7.19.2",
      "resolved": "https://registry.npmjs.org/undici-types/-/undici-types-7.19.2.tgz",
      "integrity": "sha512-qYVnV5OEm2AW8cJMCpdV20CDyaN3g0AjDlOGf1OW4iaDEx8MwdtChUp4zu4H0VP3nDRF/8RKWH+IPp9uW0YGZg==",
      "license": "MIT"
    },
    "node_modules/ws": {
      "version": "8.19.0",
      "resolved": "https://registry.npmjs.org/ws/-/ws-8.19.0.tgz",
      "integrity": "sha512-blAT2mjOEIi0ZzruJfIhb3nps74PRWTCz1IjglWEEpQl5XS/UNama6u2/rjFkDDouqr4L67ry+1aGIALViWjDg==",
      "license": "MIT",
      "engines": {
        "node": ">=10.0.0"
      },
      "peerDependencies": {
        "bufferutil": "^4.0.1",
        "utf-8-validate": ">=5.0.2"
      },
      "peerDependenciesMeta": {
        "bufferutil": {
          "optional": true
        },
        "utf-8-validate": {
          "optional": true
        }
      }
    }
  }
}
