{
  "name": "create-token-mint",
  "version": "1.0.0",
  "lockfileVersion": 3,
  "requires": true,
  "packages": {
    "": {
      "name": "create-token-mint",
      "version": "1.0.0",
      "license": "ISC",
      "dependencies": {
        "@solana-program/system": "^0.10.0",
        "@solana-program/token": "^0.9.0",
        "@solana/kit": "^5.4.0"
      },
      "devDependencies": {
        "tsx": "^4.21.0"
      }
    },
    "node_modules/@esbuild/aix-ppc64": {
      "version": "0.27.2",
      "resolved": "https://registry.npmjs.org/@esbuild/aix-ppc64/-/aix-ppc64-0.27.2.tgz",
      "integrity": "sha512-GZMB+a0mOMZs4MpDbj8RJp4cw+w1WV5NYD6xzgvzUJ5Ek2jerwfO2eADyI6ExDSUED+1X8aMbegahsJi+8mgpw==",
      "cpu": [
        "ppc64"
      ],
      "dev": true,
      "license": "MIT",
      "optional": true,
      "os": [
        "aix"
      ],
      "engines": {
        "node": ">=18"
      }
    },
    "node_modules/@esbuild/android-arm": {
      "version": "0.27.2",
      "resolved": "https://registry.npmjs.org/@esbuild/android-arm/-/android-arm-0.27.2.tgz",
      "integrity": "sha512-DVNI8jlPa7Ujbr1yjU2PfUSRtAUZPG9I1RwW4F4xFB1Imiu2on0ADiI/c3td+KmDtVKNbi+nffGDQMfcIMkwIA==",
      "cpu": [
        "arm"
      ],
      "dev": true,
      "license": "MIT",
      "optional": true,
      "os": [
        "android"
      ],
      "engines": {
        "node": ">=18"
      }
    },
    "node_modules/@esbuild/android-arm64": {
      "version": "0.27.2",
      "resolved": "https://registry.npmjs.org/@esbuild/android-arm64/-/android-arm64-0.27.2.tgz",
      "integrity": "sha512-pvz8ZZ7ot/RBphf8fv60ljmaoydPU12VuXHImtAs0XhLLw+EXBi2BLe3OYSBslR4rryHvweW5gmkKFwTiFy6KA==",
      "cpu": [
        "arm64"
      ],
      "dev": true,
      "license": "MIT",
      "optional": true,
      "os": [
        "android"
      ],
      "engines": {
        "node": ">=18"
      }
    },
    "node_modules/@esbuild/android-x64": {
      "version": "0.27.2",
      "resolved": "https://registry.npmjs.org/@esbuild/android-x64/-/android-x64-0.27.2.tgz",
      "integrity": "sha512-z8Ank4Byh4TJJOh4wpz8g2vDy75zFL0TlZlkUkEwYXuPSgX8yzep596n6mT7905kA9uHZsf/o2OJZubl2l3M7A==",
      "cpu": [
        "x64"
      ],
      "dev": true,
      "license": "MIT",
      "optional": true,
      "os": [
        "android"
      ],
      "engines": {
        "node": ">=18"
      }
    },
    "node_modules/@esbuild/darwin-arm64": {
      "version": "0.27.2",
      "resolved": "https://registry.npmjs.org/@esbuild/darwin-arm64/-/darwin-arm64-0.27.2.tgz",
      "integrity": "sha512-davCD2Zc80nzDVRwXTcQP/28fiJbcOwvdolL0sOiOsbwBa72kegmVU0Wrh1MYrbuCL98Omp5dVhQFWRKR2ZAlg==",
      "cpu": [
        "arm64"
      ],
      "dev": true,
      "license": "MIT",
      "optional": true,
      "os": [
        "darwin"
      ],
      "engines": {
        "node": ">=18"
      }
    },
    "node_modules/@esbuild/darwin-x64": {
      "version": "0.27.2",
      "resolved": "https://registry.npmjs.org/@esbuild/darwin-x64/-/darwin-x64-0.27.2.tgz",
      "integrity": "sha512-ZxtijOmlQCBWGwbVmwOF/UCzuGIbUkqB1faQRf5akQmxRJ1ujusWsb3CVfk/9iZKr2L5SMU5wPBi1UWbvL+VQA==",
      "cpu": [
        "x64"
      ],
      "dev": true,
      "license": "MIT",
      "optional": true,
      "os": [
        "darwin"
      ],
      "engines": {
        "node": ">=18"
      }
    },
    "node_modules/@esbuild/freebsd-arm64": {
      "version": "0.27.2",
      "resolved": "https://registry.npmjs.org/@esbuild/freebsd-arm64/-/freebsd-arm64-0.27.2.tgz",
      "integrity": "sha512-lS/9CN+rgqQ9czogxlMcBMGd+l8Q3Nj1MFQwBZJyoEKI50XGxwuzznYdwcav6lpOGv5BqaZXqvBSiB/kJ5op+g==",
      "cpu": [
        "arm64"
      ],
      "dev": true,
      "license": "MIT",
      "optional": true,
      "os": [
        "freebsd"
      ],
      "engines": {
        "node": ">=18"
      }
    },
    "node_modules/@esbuild/freebsd-x64": {
      "version": "0.27.2",
      "resolved": "https://registry.npmjs.org/@esbuild/freebsd-x64/-/freebsd-x64-0.27.2.tgz",
      "integrity": "sha512-tAfqtNYb4YgPnJlEFu4c212HYjQWSO/w/h/lQaBK7RbwGIkBOuNKQI9tqWzx7Wtp7bTPaGC6MJvWI608P3wXYA==",
      "cpu": [
        "x64"
      ],
      "dev": true,
      "license": "MIT",
      "optional": true,
      "os": [
        "freebsd"
      ],
      "engines": {
        "node": ">=18"
      }
    },
    "node_modules/@esbuild/linux-arm": {
      "version": "0.27.2",
      "resolved": "https://registry.npmjs.org/@esbuild/linux-arm/-/linux-arm-0.27.2.tgz",
      "integrity": "sha512-vWfq4GaIMP9AIe4yj1ZUW18RDhx6EPQKjwe7n8BbIecFtCQG4CfHGaHuh7fdfq+y3LIA2vGS/o9ZBGVxIDi9hw==",
      "cpu": [
        "arm"
      ],
      "dev": true,
      "license": "MIT",
      "optional": true,
      "os": [
        "linux"
      ],
      "engines": {
        "node": ">=18"
      }
    },
    "node_modules/@esbuild/linux-arm64": {
      "version": "0.27.2",
      "resolved": "https://registry.npmjs.org/@esbuild/linux-arm64/-/linux-arm64-0.27.2.tgz",
      "integrity": "sha512-hYxN8pr66NsCCiRFkHUAsxylNOcAQaxSSkHMMjcpx0si13t1LHFphxJZUiGwojB1a/Hd5OiPIqDdXONia6bhTw==",
      "cpu": [
        "arm64"
      ],
      "dev": true,
      "license": "MIT",
      "optional": true,
      "os": [
        "linux"
      ],
      "engines": {
        "node": ">=18"
      }
    },
    "node_modules/@esbuild/linux-ia32": {
      "version": "0.27.2",
      "resolved": "https://registry.npmjs.org/@esbuild/linux-ia32/-/linux-ia32-0.27.2.tgz",
      "integrity": "sha512-MJt5BRRSScPDwG2hLelYhAAKh9imjHK5+NE/tvnRLbIqUWa+0E9N4WNMjmp/kXXPHZGqPLxggwVhz7QP8CTR8w==",
      "cpu": [
        "ia32"
      ],
      "dev": true,
      "license": "MIT",
      "optional": true,
      "os": [
        "linux"
      ],
      "engines": {
        "node": ">=18"
      }
    },
    "node_modules/@esbuild/linux-loong64": {
      "version": "0.27.2",
      "resolved": "https://registry.npmjs.org/@esbuild/linux-loong64/-/linux-loong64-0.27.2.tgz",
      "integrity": "sha512-lugyF1atnAT463aO6KPshVCJK5NgRnU4yb3FUumyVz+cGvZbontBgzeGFO1nF+dPueHD367a2ZXe1NtUkAjOtg==",
      "cpu": [
        "loong64"
      ],
      "dev": true,
      "license": "MIT",
      "optional": true,
      "os": [
        "linux"
      ],
      "engines": {
        "node": ">=18"
      }
    },
    "node_modules/@esbuild/linux-mips64el": {
      "version": "0.27.2",
      "resolved": "https://registry.npmjs.org/@esbuild/linux-mips64el/-/linux-mips64el-0.27.2.tgz",
      "integrity": "sha512-nlP2I6ArEBewvJ2gjrrkESEZkB5mIoaTswuqNFRv/WYd+ATtUpe9Y09RnJvgvdag7he0OWgEZWhviS1OTOKixw==",
      "cpu": [
        "mips64el"
      ],
      "dev": true,
      "license": "MIT",
      "optional": true,
      "os": [
        "linux"
      ],
      "engines": {
        "node": ">=18"
      }
    },
    "node_modules/@esbuild/linux-ppc64": {
      "version": "0.27.2",
      "resolved": "https://registry.npmjs.org/@esbuild/linux-ppc64/-/linux-ppc64-0.27.2.tgz",
      "integrity": "sha512-C92gnpey7tUQONqg1n6dKVbx3vphKtTHJaNG2Ok9lGwbZil6DrfyecMsp9CrmXGQJmZ7iiVXvvZH6Ml5hL6XdQ==",
      "cpu": [
        "ppc64"
      ],
      "dev": true,
      "license": "MIT",
      "optional": true,
      "os": [
        "linux"
      ],
      "engines": {
        "node": ">=18"
      }
    },
    "node_modules/@esbuild/linux-riscv64": {
      "version": "0.27.2",
      "resolved": "https://registry.npmjs.org/@esbuild/linux-riscv64/-/linux-riscv64-0.27.2.tgz",
      "integrity": "sha512-B5BOmojNtUyN8AXlK0QJyvjEZkWwy/FKvakkTDCziX95AowLZKR6aCDhG7LeF7uMCXEJqwa8Bejz5LTPYm8AvA==",
      "cpu": [
        "riscv64"
      ],
      "dev": true,
      "license": "MIT",
      "optional": true,
      "os": [
        "linux"
      ],
      "engines": {
        "node": ">=18"
      }
    },
    "node_modules/@esbuild/linux-s390x": {
      "version": "0.27.2",
      "resolved": "https://registry.npmjs.org/@esbuild/linux-s390x/-/linux-s390x-0.27.2.tgz",
      "integrity": "sha512-p4bm9+wsPwup5Z8f4EpfN63qNagQ47Ua2znaqGH6bqLlmJ4bx97Y9JdqxgGZ6Y8xVTixUnEkoKSHcpRlDnNr5w==",
      "cpu": [
        "s390x"
      ],
      "dev": true,
      "license": "MIT",
      "optional": true,
      "os": [
        "linux"
      ],
      "engines": {
        "node": ">=18"
      }
    },
    "node_modules/@esbuild/linux-x64": {
      "version": "0.27.2",
      "resolved": "https://registry.npmjs.org/@esbuild/linux-x64/-/linux-x64-0.27.2.tgz",
      "integrity": "sha512-uwp2Tip5aPmH+NRUwTcfLb+W32WXjpFejTIOWZFw/v7/KnpCDKG66u4DLcurQpiYTiYwQ9B7KOeMJvLCu/OvbA==",
      "cpu": [
        "x64"
      ],
      "dev": true,
      "license": "MIT",
      "optional": true,
      "os": [
        "linux"
      ],
      "engines": {
        "node": ">=18"
      }
    },
    "node_modules/@esbuild/netbsd-arm64": {
      "version": "0.27.2",
      "resolved": "https://registry.npmjs.org/@esbuild/netbsd-arm64/-/netbsd-arm64-0.27.2.tgz",
      "integrity": "sha512-Kj6DiBlwXrPsCRDeRvGAUb/LNrBASrfqAIok+xB0LxK8CHqxZ037viF13ugfsIpePH93mX7xfJp97cyDuTZ3cw==",
      "cpu": [
        "arm64"
      ],
      "dev": true,
      "license": "MIT",
      "optional": true,
      "os": [
        "netbsd"
      ],
      "engines": {
        "node": ">=18"
      }
    },
    "node_modules/@esbuild/netbsd-x64": {
      "version": "0.27.2",
      "resolved": "https://registry.npmjs.org/@esbuild/netbsd-x64/-/netbsd-x64-0.27.2.tgz",
      "integrity": "sha512-HwGDZ0VLVBY3Y+Nw0JexZy9o/nUAWq9MlV7cahpaXKW6TOzfVno3y3/M8Ga8u8Yr7GldLOov27xiCnqRZf0tCA==",
      "cpu": [
        "x64"
      ],
      "dev": true,
      "license": "MIT",
      "optional": true,
      "os": [
        "netbsd"
      ],
      "engines": {
        "node": ">=18"
      }
    },
    "node_modules/@esbuild/openbsd-arm64": {
      "version": "0.27.2",
      "resolved": "https://registry.npmjs.org/@esbuild/openbsd-arm64/-/openbsd-arm64-0.27.2.tgz",
      "integrity": "sha512-DNIHH2BPQ5551A7oSHD0CKbwIA/Ox7+78/AWkbS5QoRzaqlev2uFayfSxq68EkonB+IKjiuxBFoV8ESJy8bOHA==",
      "cpu": [
        "arm64"
      ],
      "dev": true,
      "license": "MIT",
      "optional": true,
      "os": [
        "openbsd"
      ],
      "engines": {
        "node": ">=18"
      }
    },
    "node_modules/@esbuild/openbsd-x64": {
      "version": "0.27.2",
      "resolved": "https://registry.npmjs.org/@esbuild/openbsd-x64/-/openbsd-x64-0.27.2.tgz",
      "integrity": "sha512-/it7w9Nb7+0KFIzjalNJVR5bOzA9Vay+yIPLVHfIQYG/j+j9VTH84aNB8ExGKPU4AzfaEvN9/V4HV+F+vo8OEg==",
      "cpu": [
        "x64"
      ],
      "dev": true,
      "license": "MIT",
      "optional": true,
      "os": [
        "openbsd"
      ],
      "engines": {
        "node": ">=18"
      }
    },
    "node_modules/@esbuild/openharmony-arm64": {
      "version": "0.27.2",
      "resolved": "https://registry.npmjs.org/@esbuild/openharmony-arm64/-/openharmony-arm64-0.27.2.tgz",
      "integrity": "sha512-LRBbCmiU51IXfeXk59csuX/aSaToeG7w48nMwA6049Y4J4+VbWALAuXcs+qcD04rHDuSCSRKdmY63sruDS5qag==",
      "cpu": [
        "arm64"
      ],
      "dev": true,
      "license": "MIT",
      "optional": true,
      "os": [
        "openharmony"
      ],
      "engines": {
        "node": ">=18"
      }
    },
    "node_modules/@esbuild/sunos-x64": {
      "version": "0.27.2",
      "resolved": "https://registry.npmjs.org/@esbuild/sunos-x64/-/sunos-x64-0.27.2.tgz",
      "integrity": "sha512-kMtx1yqJHTmqaqHPAzKCAkDaKsffmXkPHThSfRwZGyuqyIeBvf08KSsYXl+abf5HDAPMJIPnbBfXvP2ZC2TfHg==",
      "cpu": [
        "x64"
      ],
      "dev": true,
      "license": "MIT",
      "optional": true,
      "os": [
        "sunos"
      ],
      "engines": {
        "node": ">=18"
      }
    },
    "node_modules/@esbuild/win32-arm64": {
      "version": "0.27.2",
      "resolved": "https://registry.npmjs.org/@esbuild/win32-arm64/-/win32-arm64-0.27.2.tgz",
      "integrity": "sha512-Yaf78O/B3Kkh+nKABUF++bvJv5Ijoy9AN1ww904rOXZFLWVc5OLOfL56W+C8F9xn5JQZa3UX6m+IktJnIb1Jjg==",
      "cpu": [
        "arm64"
      ],
      "dev": true,
      "license": "MIT",
      "optional": true,
      "os": [
        "win32"
      ],
      "engines": {
        "node": ">=18"
      }
    },
    "node_modules/@esbuild/win32-ia32": {
      "version": "0.27.2",
      "resolved": "https://registry.npmjs.org/@esbuild/win32-ia32/-/win32-ia32-0.27.2.tgz",
      "integrity": "sha512-Iuws0kxo4yusk7sw70Xa2E2imZU5HoixzxfGCdxwBdhiDgt9vX9VUCBhqcwY7/uh//78A1hMkkROMJq9l27oLQ==",
      "cpu": [
        "ia32"
      ],
      "dev": true,
      "license": "MIT",
      "optional": true,
      "os": [
        "win32"
      ],
      "engines": {
        "node": ">=18"
      }
    },
    "node_modules/@esbuild/win32-x64": {
      "version": "0.27.2",
      "resolved": "https://registry.npmjs.org/@esbuild/win32-x64/-/win32-x64-0.27.2.tgz",
      "integrity": "sha512-sRdU18mcKf7F+YgheI/zGf5alZatMUTKj/jNS6l744f9u3WFu4v7twcUI9vu4mknF4Y9aDlblIie0IM+5xxaqQ==",
      "cpu": [
        "x64"
      ],
      "dev": true,
      "license": "MIT",
      "optional": true,
      "os": [
        "win32"
      ],
      "engines": {
        "node": ">=18"
      }
    },
    "node_modules/@solana-program/system": {
      "version": "0.10.0",
      "resolved": "https://registry.npmjs.org/@solana-program/system/-/system-0.10.0.tgz",
      "integrity": "sha512-Go+LOEZmqmNlfr+Gjy5ZWAdY5HbYzk2RBewD9QinEU/bBSzpFfzqDRT55JjFRBGJUvMgf3C2vfXEGT4i8DSI4g==",
      "license": "Apache-2.0",
      "peerDependencies": {
        "@solana/kit": "^5.0"
      }
    },
    "node_modules/@solana-program/token": {
      "version": "0.9.0",
      "resolved": "https://registry.npmjs.org/@solana-program/token/-/token-0.9.0.tgz",
      "integrity": "sha512-vnZxndd4ED4Fc56sw93cWZ2djEeeOFxtaPS8SPf5+a+JZjKA/EnKqzbE1y04FuMhIVrLERQ8uR8H2h72eZzlsA==",
      "license": "Apache-2.0",
      "peerDependencies": {
        "@solana/kit": "^5.0"
      }
    },
    "node_modules/@solana/accounts": {
      "version": "5.4.0",
      "resolved": "https://registry.npmjs.org/@solana/accounts/-/accounts-5.4.0.tgz",
      "integrity": "sha512-qHtAtwCcCFTXcya6JOOG1nzYicivivN/JkcYNHr10qOp9b4MVRkfW1ZAAG1CNzjMe5+mwtEl60RwdsY9jXNb+Q==",
      "license": "MIT",
      "dependencies": {
        "@solana/addresses": "5.4.0",
        "@solana/codecs-core": "5.4.0",
        "@solana/codecs-strings": "5.4.0",
        "@solana/errors": "5.4.0",
        "@solana/rpc-spec": "5.4.0",
        "@solana/rpc-types": "5.4.0"
      },
      "engines": {
        "node": ">=20.18.0"
      },
      "peerDependencies": {
        "typescript": "^5.0.0"
      },
      "peerDependenciesMeta": {
        "typescript": {
          "optional": true
        }
      }
    },
    "node_modules/@solana/addresses": {
      "version": "5.4.0",
      "resolved": "https://registry.npmjs.org/@solana/addresses/-/addresses-5.4.0.tgz",
      "integrity": "sha512-YRHiH30S8qDV4bZ+mtEk589PGfBuXHzD/fK2Z+YI5f/+s+yi/5le/fVw7PN6LxnnmVQKiRCDUiNF+WmFFKi6QQ==",
      "license": "MIT",
      "dependencies": {
        "@solana/assertions": "5.4.0",
        "@solana/codecs-core": "5.4.0",
        "@solana/codecs-strings": "5.4.0",
        "@solana/errors": "5.4.0",
        "@solana/nominal-types": "5.4.0"
      },
      "engines": {
        "node": ">=20.18.0"
      },
      "peerDependencies": {
        "typescript": "^5.0.0"
      },
      "peerDependenciesMeta": {
        "typescript": {
          "optional": true
        }
      }
    },
    "node_modules/@solana/assertions": {
      "version": "5.4.0",
      "resolved": "https://registry.npmjs.org/@solana/assertions/-/assertions-5.4.0.tgz",
      "integrity": "sha512-8EP7mkdnrPc9y67FqWeAPzdWq2qAOkxsuo+ZBIXNWtIixDtXIdHrgjZ/wqbWxLgSTtXEfBCjpZU55Xw2Qfbwyg==",
      "license": "MIT",
      "dependencies": {
        "@solana/errors": "5.4.0"
      },
      "engines": {
        "node": ">=20.18.0"
      },
      "peerDependencies": {
        "typescript": "^5.0.0"
      },
      "peerDependenciesMeta": {
        "typescript": {
          "optional": true
        }
      }
    },
    "node_modules/@solana/codecs": {
      "version": "5.4.0",
      "resolved": "https://registry.npmjs.org/@solana/codecs/-/codecs-5.4.0.tgz",
      "integrity": "sha512-IbDCUvNX0MrkQahxiXj9rHzkd/fYfp1F2nTJkHGH8v+vPfD+YPjl007ZBM38EnCeXj/Xn+hxqBBivPvIHP29dA==",
      "license": "MIT",
      "dependencies": {
        "@solana/codecs-core": "5.4.0",
        "@solana/codecs-data-structures": "5.4.0",
        "@solana/codecs-numbers": "5.4.0",
        "@solana/codecs-strings": "5.4.0",
        "@solana/options": "5.4.0"
      },
      "engines": {
        "node": ">=20.18.0"
      },
      "peerDependencies": {
        "typescript": "^5.0.0"
      },
      "peerDependenciesMeta": {
        "typescript": {
          "optional": true
        }
      }
    },
    "node_modules/@solana/codecs-core": {
      "version": "5.4.0",
      "resolved": "https://registry.npmjs.org/@solana/codecs-core/-/codecs-core-5.4.0.tgz",
      "integrity": "sha512-rQ5jXgiDe2vIU+mYCHDjgwMd9WdzZfh4sc5H6JgYleAUjeTUX6mx8hTV2+pcXvvn27LPrgrt9jfxswbDb8O8ww==",
      "license": "MIT",
      "dependencies": {
        "@solana/errors": "5.4.0"
      },
      "engines": {
        "node": ">=20.18.0"
      },
      "peerDependencies": {
        "typescript": "^5.0.0"
      },
      "peerDependenciesMeta": {
        "typescript": {
          "optional": true
        }
      }
    },
    "node_modules/@solana/codecs-data-structures": {
      "version": "5.4.0",
      "resolved": "https://registry.npmjs.org/@solana/codecs-data-structures/-/codecs-data-structures-5.4.0.tgz",
      "integrity": "sha512-LVssbdQ1GfY6upnxW3mufYsNfvTWKnHNk5Hx2gHuOYJhm3HZlp+Y8zvuoY65G1d1xAXkPz5YVGxaSeVIRWLGWg==",
      "license": "MIT",
      "dependencies": {
        "@solana/codecs-core": "5.4.0",
        "@solana/codecs-numbers": "5.4.0",
        "@solana/errors": "5.4.0"
      },
      "engines": {
        "node": ">=20.18.0"
      },
      "peerDependencies": {
        "typescript": "^5.0.0"
      },
      "peerDependenciesMeta": {
        "typescript": {
          "optional": true
        }
      }
    },
    "node_modules/@solana/codecs-numbers": {
      "version": "5.4.0",
      "resolved": "https://registry.npmjs.org/@solana/codecs-numbers/-/codecs-numbers-5.4.0.tgz",
      "integrity": "sha512-z6LMkY+kXWx1alrvIDSAxexY5QLhsso638CjM7XI1u6dB7drTLWKhifyjnm1vOQc1VPVFmbYxTgKKpds8TY8tg==",
      "license": "MIT",
      "dependencies": {
        "@solana/codecs-core": "5.4.0",
        "@solana/errors": "5.4.0"
      },
      "engines": {
        "node": ">=20.18.0"
      },
      "peerDependencies": {
        "typescript": "^5.0.0"
      },
      "peerDependenciesMeta": {
        "typescript": {
          "optional": true
        }
      }
    },
    "node_modules/@solana/codecs-strings": {
      "version": "5.4.0",
      "resolved": "https://registry.npmjs.org/@solana/codecs-strings/-/codecs-strings-5.4.0.tgz",
      "integrity": "sha512-w0trrjfQDhkCVz7O1GTmHBk9m+MkljKx2uNBbQAD3/yW2Qn9dYiTrZ1/jDVq0/+lPPAUkbT3s3Yo7HUZ2QFmHw==",
      "license": "MIT",
      "dependencies": {
        "@solana/codecs-core": "5.4.0",
        "@solana/codecs-numbers": "5.4.0",
        "@solana/errors": "5.4.0"
      },
      "engines": {
        "node": ">=20.18.0"
      },
      "peerDependencies": {
        "fastestsmallesttextencoderdecoder": "^1.0.22",
        "typescript": "^5.0.0"
      },
      "peerDependenciesMeta": {
        "fastestsmallesttextencoderdecoder": {
          "optional": true
        },
        "typescript": {
          "optional": true
        }
      }
    },
    "node_modules/@solana/errors": {
      "version": "5.4.0",
      "resolved": "https://registry.npmjs.org/@solana/errors/-/errors-5.4.0.tgz",
      "integrity": "sha512-hNoAOmlZAszaVBrAy1Jf7amHJ8wnUnTU0BqhNQXknbSvirvsYr81yEud2iq18YiCqhyJ9SuQ5kWrSAT0x7S0oA==",
      "license": "MIT",
      "dependencies": {
        "chalk": "5.6.2",
        "commander": "14.0.2"
      },
      "bin": {
        "errors": "bin/cli.mjs"
      },
      "engines": {
        "node": ">=20.18.0"
      },
      "peerDependencies": {
        "typescript": "^5.0.0"
      },
      "peerDependenciesMeta": {
        "typescript": {
          "optional": true
        }
      }
    },
    "node_modules/@solana/fast-stable-stringify": {
      "version": "5.4.0",
      "resolved": "https://registry.npmjs.org/@solana/fast-stable-stringify/-/fast-stable-stringify-5.4.0.tgz",
      "integrity": "sha512-KB7PUL7yalPvbWCezzyUDVRDp39eHLPH7OJ6S8VFT8YNIFUANwwj5ctui50Fim76kvSYDdYJOclXV45O2gfQ8Q==",
      "license": "MIT",
      "engines": {
        "node": ">=20.18.0"
      },
      "peerDependencies": {
        "typescript": "^5.0.0"
      },
      "peerDependenciesMeta": {
        "typescript": {
          "optional": true
        }
      }
    },
    "node_modules/@solana/functional": {
      "version": "5.4.0",
      "resolved": "https://registry.npmjs.org/@solana/functional/-/functional-5.4.0.tgz",
      "integrity": "sha512-32ghHO0bg6GgX/7++0/7Lps6RgeXD2gKF1okiuyEGuVfKENIapgaQdcGhUwb3q6D6fv6MRAVn/Yve4jopGVNMQ==",
      "license": "MIT",
      "engines": {
        "node": ">=20.18.0"
      },
      "peerDependencies": {
        "typescript": "^5.0.0"
      },
      "peerDependenciesMeta": {
        "typescript": {
          "optional": true
        }
      }
    },
    "node_modules/@solana/instruction-plans": {
      "version": "5.4.0",
      "resolved": "https://registry.npmjs.org/@solana/instruction-plans/-/instruction-plans-5.4.0.tgz",
      "integrity": "sha512-5xbJ+I/pP2aWECmK75bEM1zCnIITlohAK83dVN+t5X2vBFrr6M9gifo8r4Opdnibsgo6QVVkKPxRo5zow5j0ig==",
      "license": "MIT",
      "dependencies": {
        "@solana/errors": "5.4.0",
        "@solana/instructions": "5.4.0",
        "@solana/keys": "5.4.0",
        "@solana/promises": "5.4.0",
        "@solana/transaction-messages": "5.4.0",
        "@solana/transactions": "5.4.0"
      },
      "engines": {
        "node": ">=20.18.0"
      },
      "peerDependencies": {
        "typescript": "^5.0.0"
      },
      "peerDependenciesMeta": {
        "typescript": {
          "optional": true
        }
      }
    },
    "node_modules/@solana/instructions": {
      "version": "5.4.0",
      "resolved": "https://registry.npmjs.org/@solana/instructions/-/instructions-5.4.0.tgz",
      "integrity": "sha512-//a7jpHbNoAgTqy3YyqG1X6QhItJLKzJa6zuYJGCwaAAJye7BxS9pxJBgb2mUt7CGidhUksf+U8pmLlxCNWYyg==",
      "license": "MIT",
      "dependencies": {
        "@solana/codecs-core": "5.4.0",
        "@solana/errors": "5.4.0"
      },
      "engines": {
        "node": ">=20.18.0"
      },
      "peerDependencies": {
        "typescript": "^5.0.0"
      },
      "peerDependenciesMeta": {
        "typescript": {
          "optional": true
        }
      }
    },
    "node_modules/@solana/keys": {
      "version": "5.4.0",
      "resolved": "https://registry.npmjs.org/@solana/keys/-/keys-5.4.0.tgz",
      "integrity": "sha512-zQVbAwdoXorgXjlhlVTZaymFG6N8n1zn2NT+xI6S8HtbrKIB/42xPdXFh+zIihGzRw+9k8jzU7Axki/IPm6qWQ==",
      "license": "MIT",
      "dependencies": {
        "@solana/assertions": "5.4.0",
        "@solana/codecs-core": "5.4.0",
        "@solana/codecs-strings": "5.4.0",
        "@solana/errors": "5.4.0",
        "@solana/nominal-types": "5.4.0"
      },
      "engines": {
        "node": ">=20.18.0"
      },
      "peerDependencies": {
        "typescript": "^5.0.0"
      },
      "peerDependenciesMeta": {
        "typescript": {
          "optional": true
        }
      }
    },
    "node_modules/@solana/kit": {
      "version": "5.4.0",
      "resolved": "https://registry.npmjs.org/@solana/kit/-/kit-5.4.0.tgz",
      "integrity": "sha512-aVjN26jOEzJA6UBYxSTQciZPXgTxWnO/WysHrw+yeBL/5AaTZnXEgb4j5xV6cUFzOlVxhJBrx51xtoxSqJ0u3g==",
      "license": "MIT",
      "peer": true,
      "dependencies": {
        "@solana/accounts": "5.4.0",
        "@solana/addresses": "5.4.0",
        "@solana/codecs": "5.4.0",
        "@solana/errors": "5.4.0",
        "@solana/functional": "5.4.0",
        "@solana/instruction-plans": "5.4.0",
        "@solana/instructions": "5.4.0",
        "@solana/keys": "5.4.0",
        "@solana/offchain-messages": "5.4.0",
        "@solana/plugin-core": "5.4.0",
        "@solana/programs": "5.4.0",
        "@solana/rpc": "5.4.0",
        "@solana/rpc-api": "5.4.0",
        "@solana/rpc-parsed-types": "5.4.0",
        "@solana/rpc-spec-types": "5.4.0",
        "@solana/rpc-subscriptions": "5.4.0",
        "@solana/rpc-types": "5.4.0",
        "@solana/signers": "5.4.0",
        "@solana/sysvars": "5.4.0",
        "@solana/transaction-confirmation": "5.4.0",
        "@solana/transaction-messages": "5.4.0",
        "@solana/transactions": "5.4.0"
      },
      "engines": {
        "node": ">=20.18.0"
      },
      "peerDependencies": {
        "typescript": "^5.0.0"
      },
      "peerDependenciesMeta": {
        "typescript": {
          "optional": true
        }
      }
    },
    "node_modules/@solana/nominal-types": {
      "version": "5.4.0",
      "resolved": "https://registry.npmjs.org/@solana/nominal-types/-/nominal-types-5.4.0.tgz",
      "integrity": "sha512-h4dTRQwTerzksE5B1WmObN6TvLo8dYUd7kpUUynGd8WJjK0zz3zkDhq0MkA3aF6A1C2C82BSGqSsN9EN0E6Exg==",
      "license": "MIT",
      "engines": {
        "node": ">=20.18.0"
      },
      "peerDependencies": {
        "typescript": "^5.0.0"
      },
      "peerDependenciesMeta": {
        "typescript": {
          "optional": true
        }
      }
    },
    "node_modules/@solana/offchain-messages": {
      "version": "5.4.0",
      "resolved": "https://registry.npmjs.org/@solana/offchain-messages/-/offchain-messages-5.4.0.tgz",
      "integrity": "sha512-DjdlYJCcKfgh4dkdk+owH1bP+Q4BRqCs55mgWWp9PTwm/HHy/a5vcMtCi1GyIQXfhtNNvKBLbXrUE0Fxej8qlg==",
      "license": "MIT",
      "dependencies": {
        "@solana/addresses": "5.4.0",
        "@solana/codecs-core": "5.4.0",
        "@solana/codecs-data-structures": "5.4.0",
        "@solana/codecs-numbers": "5.4.0",
        "@solana/codecs-strings": "5.4.0",
        "@solana/errors": "5.4.0",
        "@solana/keys": "5.4.0",
        "@solana/nominal-types": "5.4.0"
      },
      "engines": {
        "node": ">=20.18.0"
      },
      "peerDependencies": {
        "typescript": "^5.0.0"
      },
      "peerDependenciesMeta": {
        "typescript": {
          "optional": true
        }
      }
    },
    "node_modules/@solana/options": {
      "version": "5.4.0",
      "resolved": "https://registry.npmjs.org/@solana/options/-/options-5.4.0.tgz",
      "integrity": "sha512-h4vTWRChEXPhaHo9i1pCyQBWWs+NqYPQRXSAApqpUYvHb9Kct/C6KbHjfyaRMyqNQnDHLcJCX7oW9tk0iRDzIg==",
      "license": "MIT",
      "dependencies": {
        "@solana/codecs-core": "5.4.0",
        "@solana/codecs-data-structures": "5.4.0",
        "@solana/codecs-numbers": "5.4.0",
        "@solana/codecs-strings": "5.4.0",
        "@solana/errors": "5.4.0"
      },
      "engines": {
        "node": ">=20.18.0"
      },
      "peerDependencies": {
        "typescript": "^5.0.0"
      },
      "peerDependenciesMeta": {
        "typescript": {
          "optional": true
        }
      }
    },
    "node_modules/@solana/plugin-core": {
      "version": "5.4.0",
      "resolved": "https://registry.npmjs.org/@solana/plugin-core/-/plugin-core-5.4.0.tgz",
      "integrity": "sha512-e1aLGLldW7C5113qTOjFYSGq95a4QC9TWb77iq+8l6h085DcNj+195r4E2zKaINrevQjQTwvxo00oUyHP7hSJA==",
      "license": "MIT",
      "engines": {
        "node": ">=20.18.0"
      },
      "peerDependencies": {
        "typescript": "^5.0.0"
      },
      "peerDependenciesMeta": {
        "typescript": {
          "optional": true
        }
      }
    },
    "node_modules/@solana/programs": {
      "version": "5.4.0",
      "resolved": "https://registry.npmjs.org/@solana/programs/-/programs-5.4.0.tgz",
      "integrity": "sha512-Sc90WK9ZZ7MghOflIvkrIm08JwsFC99yqSJy28/K+hDP2tcx+1x+H6OFP9cumW9eUA1+JVRDeKAhA8ak7e/kUA==",
      "license": "MIT",
      "dependencies": {
        "@solana/addresses": "5.4.0",
        "@solana/errors": "5.4.0"
      },
      "engines": {
        "node": ">=20.18.0"
      },
      "peerDependencies": {
        "typescript": "^5.0.0"
      },
      "peerDependenciesMeta": {
        "typescript": {
          "optional": true
        }
      }
    },
    "node_modules/@solana/promises": {
      "version": "5.4.0",
      "resolved": "https://registry.npmjs.org/@solana/promises/-/promises-5.4.0.tgz",
      "integrity": "sha512-23mfgNBbuP6Q+4vsixGy+GkyZ7wBLrxTBNXqrG/XWrJhjuuSkjEUGaK4Fx5o7LIrBi6KGqPknKxmTlvqnJhy2Q==",
      "license": "MIT",
      "engines": {
        "node": ">=20.18.0"
      },
      "peerDependencies": {
        "typescript": "^5.0.0"
      },
      "peerDependenciesMeta": {
        "typescript": {
          "optional": true
        }
      }
    },
    "node_modules/@solana/rpc": {
      "version": "5.4.0",
      "resolved": "https://registry.npmjs.org/@solana/rpc/-/rpc-5.4.0.tgz",
      "integrity": "sha512-S6GRG+usnubDs0JSpgc0ZWEh9IPL5KPWMuBoD8ggGVOIVWntp53FpvhYslNzbxWBXlTvJecr2todBipGVM/AqQ==",
      "license": "MIT",
      "dependencies": {
        "@solana/errors": "5.4.0",
        "@solana/fast-stable-stringify": "5.4.0",
        "@solana/functional": "5.4.0",
        "@solana/rpc-api": "5.4.0",
        "@solana/rpc-spec": "5.4.0",
        "@solana/rpc-spec-types": "5.4.0",
        "@solana/rpc-transformers": "5.4.0",
        "@solana/rpc-transport-http": "5.4.0",
        "@solana/rpc-types": "5.4.0"
      },
      "engines": {
        "node": ">=20.18.0"
      },
      "peerDependencies": {
        "typescript": "^5.0.0"
      },
      "peerDependenciesMeta": {
        "typescript": {
          "optional": true
        }
      }
    },
    "node_modules/@solana/rpc-api": {
      "version": "5.4.0",
      "resolved": "https://registry.npmjs.org/@solana/rpc-api/-/rpc-api-5.4.0.tgz",
      "integrity": "sha512-FJL6KaAsQ4DhfhLKKMcqbTpToNFwHlABCemIpOunE3OSqJFDrmc/NbsEaLIoeHyIg3d1Imo49GIUOn2TEouFUA==",
      "license": "MIT",
      "dependencies": {
        "@solana/addresses": "5.4.0",
        "@solana/codecs-core": "5.4.0",
        "@solana/codecs-strings": "5.4.0",
        "@solana/errors": "5.4.0",
        "@solana/keys": "5.4.0",
        "@solana/rpc-parsed-types": "5.4.0",
        "@solana/rpc-spec": "5.4.0",
        "@solana/rpc-transformers": "5.4.0",
        "@solana/rpc-types": "5.4.0",
        "@solana/transaction-messages": "5.4.0",
        "@solana/transactions": "5.4.0"
      },
      "engines": {
        "node": ">=20.18.0"
      },
      "peerDependencies": {
        "typescript": "^5.0.0"
      },
      "peerDependenciesMeta": {
        "typescript": {
          "optional": true
        }
      }
    },
    "node_modules/@solana/rpc-parsed-types": {
      "version": "5.4.0",
      "resolved": "https://registry.npmjs.org/@solana/rpc-parsed-types/-/rpc-parsed-types-5.4.0.tgz",
      "integrity": "sha512-IRQuSzx+Sj1A3XGiIzguNZlMjMMybXTTjV/RnTwBgnJQPd/H4us4pfPD94r+/yolWDVfGjJRm04hnKVMjJU8Rg==",
      "license": "MIT",
      "engines": {
        "node": ">=20.18.0"
      },
      "peerDependencies": {
        "typescript": "^5.0.0"
      },
      "peerDependenciesMeta": {
        "typescript": {
          "optional": true
        }
      }
    },
    "node_modules/@solana/rpc-spec": {
      "version": "5.4.0",
      "resolved": "https://registry.npmjs.org/@solana/rpc-spec/-/rpc-spec-5.4.0.tgz",
      "integrity": "sha512-XMhxBb1GuZ3Kaeu5WNHB5KteCQ/aVuMByZmUKPqaanD+gs5MQZr0g62CvN7iwRlFU7GC18Q73ROWR3/JjzbXTA==",
      "license": "MIT",
      "dependencies": {
        "@solana/errors": "5.4.0",
        "@solana/rpc-spec-types": "5.4.0"
      },
      "engines": {
        "node": ">=20.18.0"
      },
      "peerDependencies": {
        "typescript": "^5.0.0"
      },
      "peerDependenciesMeta": {
        "typescript": {
          "optional": true
        }
      }
    },
    "node_modules/@solana/rpc-spec-types": {
      "version": "5.4.0",
      "resolved": "https://registry.npmjs.org/@solana/rpc-spec-types/-/rpc-spec-types-5.4.0.tgz",
      "integrity": "sha512-JU9hC5/iyJx30ym17gpoXDtT9rCbO6hLpB6UDhSFFoNeirxtTVb4OdnKtsjJDfXAiXsynJRsZRwfj3vGxRLgQw==",
      "license": "MIT",
      "engines": {
        "node": ">=20.18.0"
      },
      "peerDependencies": {
        "typescript": "^5.0.0"
      },
      "peerDependenciesMeta": {
        "typescript": {
          "optional": true
        }
      }
    },
    "node_modules/@solana/rpc-subscriptions": {
      "version": "5.4.0",
      "resolved": "https://registry.npmjs.org/@solana/rpc-subscriptions/-/rpc-subscriptions-5.4.0.tgz",
      "integrity": "sha512-051t1CEjjAzM9ohjj2zb3ED70yeS3ZY8J5wSytL6tthTGImw/JB2a0D9DWMOKriFKt496n95IC+IdpJ35CpBWA==",
      "license": "MIT",
      "dependencies": {
        "@solana/errors": "5.4.0",
        "@solana/fast-stable-stringify": "5.4.0",
        "@solana/functional": "5.4.0",
        "@solana/promises": "5.4.0",
        "@solana/rpc-spec-types": "5.4.0",
        "@solana/rpc-subscriptions-api": "5.4.0",
        "@solana/rpc-subscriptions-channel-websocket": "5.4.0",
        "@solana/rpc-subscriptions-spec": "5.4.0",
        "@solana/rpc-transformers": "5.4.0",
        "@solana/rpc-types": "5.4.0",
        "@solana/subscribable": "5.4.0"
      },
      "engines": {
        "node": ">=20.18.0"
      },
      "peerDependencies": {
        "typescript": "^5.0.0"
      },
      "peerDependenciesMeta": {
        "typescript": {
          "optional": true
        }
      }
    },
    "node_modules/@solana/rpc-subscriptions-api": {
      "version": "5.4.0",
      "resolved": "https://registry.npmjs.org/@solana/rpc-subscriptions-api/-/rpc-subscriptions-api-5.4.0.tgz",
      "integrity": "sha512-euAFIG6ruEsqK+MsrL1tGSMbbOumm8UAyGzlD/kmXsAqqhcVsSeZdv5+BMIHIBsQ93GHcloA8UYw1BTPhpgl9w==",
      "license": "MIT",
      "dependencies": {
        "@solana/addresses": "5.4.0",
        "@solana/keys": "5.4.0",
        "@solana/rpc-subscriptions-spec": "5.4.0",
        "@solana/rpc-transformers": "5.4.0",
        "@solana/rpc-types": "5.4.0",
        "@solana/transaction-messages": "5.4.0",
        "@solana/transactions": "5.4.0"
      },
      "engines": {
        "node": ">=20.18.0"
      },
      "peerDependencies": {
        "typescript": "^5.0.0"
      },
      "peerDependenciesMeta": {
        "typescript": {
          "optional": true
        }
      }
    },
    "node_modules/@solana/rpc-subscriptions-channel-websocket": {
      "version": "5.4.0",
      "resolved": "https://registry.npmjs.org/@solana/rpc-subscriptions-channel-websocket/-/rpc-subscriptions-channel-websocket-5.4.0.tgz",
      "integrity": "sha512-kWCmlW65MccxqXwKsIz+LkXUYQizgvBrrgYOkyclJHPa+zx4gqJjam87+wzvO9cfbDZRer3wtJBaRm61gTHNbw==",
      "license": "MIT",
      "dependencies": {
        "@solana/errors": "5.4.0",
        "@solana/functional": "5.4.0",
        "@solana/rpc-subscriptions-spec": "5.4.0",
        "@solana/subscribable": "5.4.0",
        "ws": "^8.19.0"
      },
      "engines": {
        "node": ">=20.18.0"
      },
      "peerDependencies": {
        "typescript": "^5.0.0"
      },
      "peerDependenciesMeta": {
        "typescript": {
          "optional": true
        }
      }
    },
    "node_modules/@solana/rpc-subscriptions-spec": {
      "version": "5.4.0",
      "resolved": "https://registry.npmjs.org/@solana/rpc-subscriptions-spec/-/rpc-subscriptions-spec-5.4.0.tgz",
      "integrity": "sha512-ELaV9Z39GtKyUO0++he00ymWleb07QXYJhSfA0e1N5Q9hXu/Y366kgXHDcbZ/oUJkT3ylNgTupkrsdtiy8Ryow==",
      "license": "MIT",
      "dependencies": {
        "@solana/errors": "5.4.0",
        "@solana/promises": "5.4.0",
        "@solana/rpc-spec-types": "5.4.0",
        "@solana/subscribable": "5.4.0"
      },
      "engines": {
        "node": ">=20.18.0"
      },
      "peerDependencies": {
        "typescript": "^5.0.0"
      },
      "peerDependenciesMeta": {
        "typescript": {
          "optional": true
        }
      }
    },
    "node_modules/@solana/rpc-transformers": {
      "version": "5.4.0",
      "resolved": "https://registry.npmjs.org/@solana/rpc-transformers/-/rpc-transformers-5.4.0.tgz",
      "integrity": "sha512-dZ8keYloLW+eRAwAPb471uWCFs58yHloLoI+QH0FulYpsSJ7F2BNWYcdnjSS/WiggsNcU6DhpWzYAzlEY66lGQ==",
      "license": "MIT",
      "dependencies": {
        "@solana/errors": "5.4.0",
        "@solana/functional": "5.4.0",
        "@solana/nominal-types": "5.4.0",
        "@solana/rpc-spec-types": "5.4.0",
        "@solana/rpc-types": "5.4.0"
      },
      "engines": {
        "node": ">=20.18.0"
      },
      "peerDependencies": {
        "typescript": "^5.0.0"
      },
      "peerDependenciesMeta": {
        "typescript": {
          "optional": true
        }
      }
    },
    "node_modules/@solana/rpc-transport-http": {
      "version": "5.4.0",
      "resolved": "https://registry.npmjs.org/@solana/rpc-transport-http/-/rpc-transport-http-5.4.0.tgz",
      "integrity": "sha512-vidA+Qtqrnqp3QSVumWHdWJ/986yCr5+qX3fbc9KPm9Ofoto88OMWB/oLJvi2Tfges1UBu/jl+lJdsVckCM1bA==",
      "license": "MIT",
      "dependencies": {
        "@solana/errors": "5.4.0",
        "@solana/rpc-spec": "5.4.0",
        "@solana/rpc-spec-types": "5.4.0",
        "undici-types": "^7.18.2"
      },
      "engines": {
        "node": ">=20.18.0"
      },
      "peerDependencies": {
        "typescript": "^5.0.0"
      },
      "peerDependenciesMeta": {
        "typescript": {
          "optional": true
        }
      }
    },
    "node_modules/@solana/rpc-types": {
      "version": "5.4.0",
      "resolved": "https://registry.npmjs.org/@solana/rpc-types/-/rpc-types-5.4.0.tgz",
      "integrity": "sha512-+C4N4/5AYzBdt3Y2yzkScknScy/jTx6wfvuJIY9XjOXtdDyZ8TmrnMwdPMTZPGLdLuHplJwlwy1acu/4hqmrBQ==",
      "license": "MIT",
      "dependencies": {
        "@solana/addresses": "5.4.0",
        "@solana/codecs-core": "5.4.0",
        "@solana/codecs-numbers": "5.4.0",
        "@solana/codecs-strings": "5.4.0",
        "@solana/errors": "5.4.0",
        "@solana/nominal-types": "5.4.0"
      },
      "engines": {
        "node": ">=20.18.0"
      },
      "peerDependencies": {
        "typescript": "^5.0.0"
      },
      "peerDependenciesMeta": {
        "typescript": {
          "optional": true
        }
      }
    },
    "node_modules/@solana/signers": {
      "version": "5.4.0",
      "resolved": "https://registry.npmjs.org/@solana/signers/-/signers-5.4.0.tgz",
      "integrity": "sha512-s+fZxpi6UPr6XNk2pH/R84WjNRoSktrgG8AGNfsj/V8MJ++eKX7hhIf4JsHZtnnQXXrHmS3ozB2oHlc8yEJvCQ==",
      "license": "MIT",
      "dependencies": {
        "@solana/addresses": "5.4.0",
        "@solana/codecs-core": "5.4.0",
        "@solana/errors": "5.4.0",
        "@solana/instructions": "5.4.0",
        "@solana/keys": "5.4.0",
        "@solana/nominal-types": "5.4.0",
        "@solana/offchain-messages": "5.4.0",
        "@solana/transaction-messages": "5.4.0",
        "@solana/transactions": "5.4.0"
      },
      "engines": {
        "node": ">=20.18.0"
      },
      "peerDependencies": {
        "typescript": "^5.0.0"
      },
      "peerDependenciesMeta": {
        "typescript": {
          "optional": true
        }
      }
    },
    "node_modules/@solana/subscribable": {
      "version": "5.4.0",
      "resolved": "https://registry.npmjs.org/@solana/subscribable/-/subscribable-5.4.0.tgz",
      "integrity": "sha512-72LmfNX7UENgA24sn/xjlWpPAOsrxkWb9DQhuPZxly/gq8rl/rvr7Xu9qBkvFF2po9XpdUrKlccqY4awvfpltA==",
      "license": "MIT",
      "dependencies": {
        "@solana/errors": "5.4.0"
      },
      "engines": {
        "node": ">=20.18.0"
      },
      "peerDependencies": {
        "typescript": "^5.0.0"
      },
      "peerDependenciesMeta": {
        "typescript": {
          "optional": true
        }
      }
    },
    "node_modules/@solana/sysvars": {
      "version": "5.4.0",
      "resolved": "https://registry.npmjs.org/@solana/sysvars/-/sysvars-5.4.0.tgz",
      "integrity": "sha512-A5NES7sOlFmpnsiEts5vgyL3NXrt/tGGVSEjlEGvsgwl5EDZNv+xWnNA400uMDqd9O3a5PmH7p/6NsgR+kUzSg==",
      "license": "MIT",
      "dependencies": {
        "@solana/accounts": "5.4.0",
        "@solana/codecs": "5.4.0",
        "@solana/errors": "5.4.0",
        "@solana/rpc-types": "5.4.0"
      },
      "engines": {
        "node": ">=20.18.0"
      },
      "peerDependencies": {
        "typescript": "^5.0.0"
      },
      "peerDependenciesMeta": {
        "typescript": {
          "optional": true
        }
      }
    },
    "node_modules/@solana/transaction-confirmation": {
      "version": "5.4.0",
      "resolved": "https://registry.npmjs.org/@solana/transaction-confirmation/-/transaction-confirmation-5.4.0.tgz",
      "integrity": "sha512-EdSDgxs84/4gkjQw2r7N+Kgus8x9U+NFo0ufVG+48V8Hzy2t0rlBuXgIxwx0zZwUuTIgaKhpIutJgVncwZ5koA==",
      "license": "MIT",
      "dependencies": {
        "@solana/addresses": "5.4.0",
        "@solana/codecs-strings": "5.4.0",
        "@solana/errors": "5.4.0",
        "@solana/keys": "5.4.0",
        "@solana/promises": "5.4.0",
        "@solana/rpc": "5.4.0",
        "@solana/rpc-subscriptions": "5.4.0",
        "@solana/rpc-types": "5.4.0",
        "@solana/transaction-messages": "5.4.0",
        "@solana/transactions": "5.4.0"
      },
      "engines": {
        "node": ">=20.18.0"
      },
      "peerDependencies": {
        "typescript": "^5.0.0"
      },
      "peerDependenciesMeta": {
        "typescript": {
          "optional": true
        }
      }
    },
    "node_modules/@solana/transaction-messages": {
      "version": "5.4.0",
      "resolved": "https://registry.npmjs.org/@solana/transaction-messages/-/transaction-messages-5.4.0.tgz",
      "integrity": "sha512-qd/3kZDaPiHM0amhn3vXnupfcsFTVz6CYuHXvq9HFv/fq32+5Kp1FMLnmHwoSxQxdTMDghPdOhC4vhNhuWmuVQ==",
      "license": "MIT",
      "dependencies": {
        "@solana/addresses": "5.4.0",
        "@solana/codecs-core": "5.4.0",
        "@solana/codecs-data-structures": "5.4.0",
        "@solana/codecs-numbers": "5.4.0",
        "@solana/errors": "5.4.0",
        "@solana/functional": "5.4.0",
        "@solana/instructions": "5.4.0",
        "@solana/nominal-types": "5.4.0",
        "@solana/rpc-types": "5.4.0"
      },
      "engines": {
        "node": ">=20.18.0"
      },
      "peerDependencies": {
        "typescript": "^5.0.0"
      },
      "peerDependenciesMeta": {
        "typescript": {
          "optional": true
        }
      }
    },
    "node_modules/@solana/transactions": {
      "version": "5.4.0",
      "resolved": "https://registry.npmjs.org/@solana/transactions/-/transactions-5.4.0.tgz",
      "integrity": "sha512-OuY4M4x/xna8KZQIrz8tSrI9EEul9Od97XejqFmGGkEjbRsUOfJW8705TveTW8jU3bd5RGecFYscPgS2F+m7jQ==",
      "license": "MIT",
      "dependencies": {
        "@solana/addresses": "5.4.0",
        "@solana/codecs-core": "5.4.0",
        "@solana/codecs-data-structures": "5.4.0",
        "@solana/codecs-numbers": "5.4.0",
        "@solana/codecs-strings": "5.4.0",
        "@solana/errors": "5.4.0",
        "@solana/functional": "5.4.0",
        "@solana/instructions": "5.4.0",
        "@solana/keys": "5.4.0",
        "@solana/nominal-types": "5.4.0",
        "@solana/rpc-types": "5.4.0",
        "@solana/transaction-messages": "5.4.0"
      },
      "engines": {
        "node": ">=20.18.0"
      },
      "peerDependencies": {
        "typescript": "^5.0.0"
      },
      "peerDependenciesMeta": {
        "typescript": {
          "optional": true
        }
      }
    },
    "node_modules/chalk": {
      "version": "5.6.2",
      "resolved": "https://registry.npmjs.org/chalk/-/chalk-5.6.2.tgz",
      "integrity": "sha512-7NzBL0rN6fMUW+f7A6Io4h40qQlG+xGmtMxfbnH/K7TAtt8JQWVQK+6g0UXKMeVJoyV5EkkNsErQ8pVD3bLHbA==",
      "license": "MIT",
      "engines": {
        "node": "^12.17.0 || ^14.13 || >=16.0.0"
      },
      "funding": {
        "url": "https://github.com/chalk/chalk?sponsor=1"
      }
    },
    "node_modules/commander": {
      "version": "14.0.2",
      "resolved": "https://registry.npmjs.org/commander/-/commander-14.0.2.tgz",
      "integrity": "sha512-TywoWNNRbhoD0BXs1P3ZEScW8W5iKrnbithIl0YH+uCmBd0QpPOA8yc82DS3BIE5Ma6FnBVUsJ7wVUDz4dvOWQ==",
      "license": "MIT",
      "engines": {
        "node": ">=20"
      }
    },
    "node_modules/esbuild": {
      "version": "0.27.2",
      "resolved": "https://registry.npmjs.org/esbuild/-/esbuild-0.27.2.tgz",
      "integrity": "sha512-HyNQImnsOC7X9PMNaCIeAm4ISCQXs5a5YasTXVliKv4uuBo1dKrG0A+uQS8M5eXjVMnLg3WgXaKvprHlFJQffw==",
      "dev": true,
      "hasInstallScript": true,
      "license": "MIT",
      "bin": {
        "esbuild": "bin/esbuild"
      },
      "engines": {
        "node": ">=18"
      },
      "optionalDependencies": {
        "@esbuild/aix-ppc64": "0.27.2",
        "@esbuild/android-arm": "0.27.2",
        "@esbuild/android-arm64": "0.27.2",
        "@esbuild/android-x64": "0.27.2",
        "@esbuild/darwin-arm64": "0.27.2",
        "@esbuild/darwin-x64": "0.27.2",
        "@esbuild/freebsd-arm64": "0.27.2",
        "@esbuild/freebsd-x64": "0.27.2",
        "@esbuild/linux-arm": "0.27.2",
        "@esbuild/linux-arm64": "0.27.2",
        "@esbuild/linux-ia32": "0.27.2",
        "@esbuild/linux-loong64": "0.27.2",
        "@esbuild/linux-mips64el": "0.27.2",
        "@esbuild/linux-ppc64": "0.27.2",
        "@esbuild/linux-riscv64": "0.27.2",
        "@esbuild/linux-s390x": "0.27.2",
        "@esbuild/linux-x64": "0.27.2",
        "@esbuild/netbsd-arm64": "0.27.2",
        "@esbuild/netbsd-x64": "0.27.2",
        "@esbuild/openbsd-arm64": "0.27.2",
        "@esbuild/openbsd-x64": "0.27.2",
        "@esbuild/openharmony-arm64": "0.27.2",
        "@esbuild/sunos-x64": "0.27.2",
        "@esbuild/win32-arm64": "0.27.2",
        "@esbuild/win32-ia32": "0.27.2",
        "@esbuild/win32-x64": "0.27.2"
      }
    },
    "node_modules/fsevents": {
      "version": "2.3.3",
      "resolved": "https://registry.npmjs.org/fsevents/-/fsevents-2.3.3.tgz",
      "integrity": "sha512-5xoDfX+fL7faATnagmWPpbFtwh/R77WmMMqqHGS65C3vvB0YHrgF+B1YmZ3441tMj5n63k0212XNoJwzlhffQw==",
      "dev": true,
      "hasInstallScript": true,
      "license": "MIT",
      "optional": true,
      "os": [
        "darwin"
      ],
      "engines": {
        "node": "^8.16.0 || ^10.6.0 || >=11.0.0"
      }
    },
    "node_modules/get-tsconfig": {
      "version": "4.13.0",
      "resolved": "https://registry.npmjs.org/get-tsconfig/-/get-tsconfig-4.13.0.tgz",
      "integrity": "sha512-1VKTZJCwBrvbd+Wn3AOgQP/2Av+TfTCOlE4AcRJE72W1ksZXbAx8PPBR9RzgTeSPzlPMHrbANMH3LbltH73wxQ==",
      "dev": true,
      "license": "MIT",
      "dependencies": {
        "resolve-pkg-maps": "^1.0.0"
      },
      "funding": {
        "url": "https://github.com/privatenumber/get-tsconfig?sponsor=1"
      }
    },
    "node_modules/resolve-pkg-maps": {
      "version": "1.0.0",
      "resolved": "https://registry.npmjs.org/resolve-pkg-maps/-/resolve-pkg-maps-1.0.0.tgz",
      "integrity": "sha512-seS2Tj26TBVOC2NIc2rOe2y2ZO7efxITtLZcGSOnHHNOQ7CkiUBfw0Iw2ck6xkIhPwLhKNLS8BO+hEpngQlqzw==",
      "dev": true,
      "license": "MIT",
      "funding": {
        "url": "https://github.com/privatenumber/resolve-pkg-maps?sponsor=1"
      }
    },
    "node_modules/tsx": {
      "version": "4.21.0",
      "resolved": "https://registry.npmjs.org/tsx/-/tsx-4.21.0.tgz",
      "integrity": "sha512-5C1sg4USs1lfG0GFb2RLXsdpXqBSEhAaA/0kPL01wxzpMqLILNxIxIOKiILz+cdg/pLnOUxFYOR5yhHU666wbw==",
      "dev": true,
      "license": "MIT",
      "dependencies": {
        "esbuild": "~0.27.0",
        "get-tsconfig": "^4.7.5"
      },
      "bin": {
        "tsx": "dist/cli.mjs"
      },
      "engines": {
        "node": ">=18.0.0"
      },
      "optionalDependencies": {
        "fsevents": "~2.3.3"
      }
    },
    "node_modules/undici-types": {
      "version": "7.19.1",
      "resolved": "https://registry.npmjs.org/undici-types/-/undici-types-7.19.1.tgz",
      "integrity": "sha512-z2f4eae6/P3L9bogRUfLEZfRRxyrH4ssRq8s2/NOOgXEwwM5w0hsaj+mtDJPN7sBXQQNlagCzYUfjHywUiTETw==",
      "license": "MIT"
    },
    "node_modules/ws": {
      "version": "8.19.0",
      "resolved": "https://registry.npmjs.org/ws/-/ws-8.19.0.tgz",
      "integrity": "sha512-blAT2mjOEIi0ZzruJfIhb3nps74PRWTCz1IjglWEEpQl5XS/UNama6u2/rjFkDDouqr4L67ry+1aGIALViWjDg==",
      "license": "MIT",
      "engines": {
        "node": ">=10.0.0"
      },
      "peerDependencies": {
        "bufferutil": "^4.0.1",
        "utf-8-validate": ">=5.0.2"
      },
      "peerDependenciesMeta": {
        "bufferutil": {
          "optional": true
        },
        "utf-8-validate": {
          "optional": true
        }
      }
    }
  }
}
